// !$*UTF8*$!
{
	archiveVersion = 1;
	classes = {
	};
	objectVersion = 46;
	objects = {

/* Begin PBXBuildFile section */
		3D071990146941D60057E0B9 /* PolyAnimator.mm in Sources */ = {isa = PBXBuildFile; fileRef = 3D071987146941D60057E0B9 /* PolyAnimator.mm */; };
		3D071991146941D60057E0B9 /* PolyData.mm in Sources */ = {isa = PBXBuildFile; fileRef = 3D071989146941D60057E0B9 /* PolyData.mm */; };
		3D071992146941D60057E0B9 /* PolyEngine.mm in Sources */ = {isa = PBXBuildFile; fileRef = 3D07198B146941D60057E0B9 /* PolyEngine.mm */; };
		3D071993146941D60057E0B9 /* PolyInput.mm in Sources */ = {isa = PBXBuildFile; fileRef = 3D07198D146941D60057E0B9 /* PolyInput.mm */; };
		3D071994146941D60057E0B9 /* PolyRender.mm in Sources */ = {isa = PBXBuildFile; fileRef = 3D07198F146941D60057E0B9 /* PolyRender.mm */; };
		3D07199A1469423E0057E0B9 /* PolyRenderSimpleWireframe.mm in Sources */ = {isa = PBXBuildFile; fileRef = 3D0719991469423E0057E0B9 /* PolyRenderSimpleWireframe.mm */; };
		3D268E6514629E8D009A366D /* ofxCocoaPlugins.framework in Frameworks */ = {isa = PBXBuildFile; fileRef = 3D268E6214629DBD009A366D /* ofxCocoaPlugins.framework */; };
		3D2FC2251462AB8F0028BC01 /* ofxCocoaPlugins.framework in Copy Files (Framework) */ = {isa = PBXBuildFile; fileRef = 3D268E6214629DBD009A366D /* ofxCocoaPlugins.framework */; };
		3D2FC23D1462FEDC0028BC01 /* PolygonWorld.mm in Sources */ = {isa = PBXBuildFile; fileRef = 3D2FC23B1462FEDC0028BC01 /* PolygonWorld.mm */; };
		3D2FC23E1462FEDC0028BC01 /* PolygonWorld.xib in Resources */ = {isa = PBXBuildFile; fileRef = 3D2FC23C1462FEDC0028BC01 /* PolygonWorld.xib */; };
		3D34A1A8146158C80027E291 /* ScriptingBridge.framework in Frameworks */ = {isa = PBXBuildFile; fileRef = 3D34A1A7146158C80027E291 /* ScriptingBridge.framework */; };
		3D34A1AC146158CE0027E291 /* OpenGL.framework in Frameworks */ = {isa = PBXBuildFile; fileRef = 3D34A1AB146158CE0027E291 /* OpenGL.framework */; };
		3D386C65145EF95C00665327 /* Cocoa.framework in Frameworks */ = {isa = PBXBuildFile; fileRef = 3D386C64145EF95C00665327 /* Cocoa.framework */; };
		3D386C6F145EF95C00665327 /* InfoPlist.strings in Resources */ = {isa = PBXBuildFile; fileRef = 3D386C6D145EF95C00665327 /* InfoPlist.strings */; };
		3D386C71145EF95C00665327 /* main.m in Sources */ = {isa = PBXBuildFile; fileRef = 3D386C70145EF95C00665327 /* main.m */; };
		3D386C75145EF95C00665327 /* Credits.rtf in Resources */ = {isa = PBXBuildFile; fileRef = 3D386C73145EF95C00665327 /* Credits.rtf */; };
		3D386C78145EF95C00665327 /* lrAppDelegate.mm in Sources */ = {isa = PBXBuildFile; fileRef = 3D386C77145EF95C00665327 /* lrAppDelegate.mm */; };
		3D386C7B145EF95D00665327 /* MainMenu.xib in Resources */ = {isa = PBXBuildFile; fileRef = 3D386C79145EF95D00665327 /* MainMenu.xib */; };
		3D386C8D145F012200665327 /* Project.xcconfig in Resources */ = {isa = PBXBuildFile; fileRef = 3D386C8C145F012200665327 /* Project.xcconfig */; };
		3D96D7AA146962BB009DABB9 /* PolyInputSimpleMouse.mm in Sources */ = {isa = PBXBuildFile; fileRef = 3D96D7A9146962BB009DABB9 /* PolyInputSimpleMouse.mm */; };
/* End PBXBuildFile section */

/* Begin PBXContainerItemProxy section */
		3D268E6114629DBD009A366D /* PBXContainerItemProxy */ = {
			isa = PBXContainerItemProxy;
			containerPortal = 3D268E5614629DBD009A366D /* ofxCocoaPlugins.xcodeproj */;
			proxyType = 2;
			remoteGlobalIDString = DDA7FFD8144F1C3800F81C9E;
			remoteInfo = ofxCocoaPlugins;
		};
		3D268E6614629E98009A366D /* PBXContainerItemProxy */ = {
			isa = PBXContainerItemProxy;
			containerPortal = 3D268E5614629DBD009A366D /* ofxCocoaPlugins.xcodeproj */;
			proxyType = 1;
			remoteGlobalIDString = DDA7FFD7144F1C3800F81C9E;
			remoteInfo = ofxCocoaPlugins;
		};
/* End PBXContainerItemProxy section */

/* Begin PBXCopyFilesBuildPhase section */
		3D386CA9145F02F800665327 /* Copy Files (Framework) */ = {
			isa = PBXCopyFilesBuildPhase;
			buildActionMask = 2147483647;
			dstPath = "";
			dstSubfolderSpec = 10;
			files = (
				3D2FC2251462AB8F0028BC01 /* ofxCocoaPlugins.framework in Copy Files (Framework) */,
			);
			name = "Copy Files (Framework)";
			runOnlyForDeploymentPostprocessing = 0;
		};
/* End PBXCopyFilesBuildPhase section */

/* Begin PBXFileReference section */
		3D07198414693F930057E0B9 /* PolyInclude.h */ = {isa = PBXFileReference; fileEncoding = 4; lastKnownFileType = sourcecode.c.h; path = PolyInclude.h; sourceTree = "<group>"; };
		3D071986146941D60057E0B9 /* PolyAnimator.h */ = {isa = PBXFileReference; fileEncoding = 4; lastKnownFileType = sourcecode.c.h; path = PolyAnimator.h; sourceTree = "<group>"; };
		3D071987146941D60057E0B9 /* PolyAnimator.mm */ = {isa = PBXFileReference; fileEncoding = 4; lastKnownFileType = sourcecode.cpp.objcpp; path = PolyAnimator.mm; sourceTree = "<group>"; };
		3D071988146941D60057E0B9 /* PolyData.h */ = {isa = PBXFileReference; fileEncoding = 4; lastKnownFileType = sourcecode.c.h; path = PolyData.h; sourceTree = "<group>"; };
		3D071989146941D60057E0B9 /* PolyData.mm */ = {isa = PBXFileReference; fileEncoding = 4; lastKnownFileType = sourcecode.cpp.objcpp; path = PolyData.mm; sourceTree = "<group>"; };
		3D07198A146941D60057E0B9 /* PolyEngine.h */ = {isa = PBXFileReference; fileEncoding = 4; lastKnownFileType = sourcecode.c.h; path = PolyEngine.h; sourceTree = "<group>"; };
		3D07198B146941D60057E0B9 /* PolyEngine.mm */ = {isa = PBXFileReference; fileEncoding = 4; lastKnownFileType = sourcecode.cpp.objcpp; path = PolyEngine.mm; sourceTree = "<group>"; };
		3D07198C146941D60057E0B9 /* PolyInput.h */ = {isa = PBXFileReference; fileEncoding = 4; lastKnownFileType = sourcecode.c.h; path = PolyInput.h; sourceTree = "<group>"; };
		3D07198D146941D60057E0B9 /* PolyInput.mm */ = {isa = PBXFileReference; fileEncoding = 4; lastKnownFileType = sourcecode.cpp.objcpp; path = PolyInput.mm; sourceTree = "<group>"; };
		3D07198E146941D60057E0B9 /* PolyRender.h */ = {isa = PBXFileReference; fileEncoding = 4; lastKnownFileType = sourcecode.c.h; path = PolyRender.h; sourceTree = "<group>"; };
		3D07198F146941D60057E0B9 /* PolyRender.mm */ = {isa = PBXFileReference; fileEncoding = 4; lastKnownFileType = sourcecode.cpp.objcpp; path = PolyRender.mm; sourceTree = "<group>"; };
		3D0719981469423E0057E0B9 /* PolyRenderSimpleWireframe.h */ = {isa = PBXFileReference; fileEncoding = 4; lastKnownFileType = sourcecode.c.h; path = PolyRenderSimpleWireframe.h; sourceTree = "<group>"; };
		3D0719991469423E0057E0B9 /* PolyRenderSimpleWireframe.mm */ = {isa = PBXFileReference; fileEncoding = 4; lastKnownFileType = sourcecode.cpp.objcpp; path = PolyRenderSimpleWireframe.mm; sourceTree = "<group>"; };
		3D268E5614629DBD009A366D /* ofxCocoaPlugins.xcodeproj */ = {isa = PBXFileReference; lastKnownFileType = "wrapper.pb-project"; name = ofxCocoaPlugins.xcodeproj; path = ofxCocoaPlugins/ofxCocoaPlugins.xcodeproj; sourceTree = "<group>"; };
		3D2FC23A1462FEDC0028BC01 /* PolygonWorld.h */ = {isa = PBXFileReference; fileEncoding = 4; lastKnownFileType = sourcecode.c.h; path = PolygonWorld.h; sourceTree = "<group>"; };
		3D2FC23B1462FEDC0028BC01 /* PolygonWorld.mm */ = {isa = PBXFileReference; fileEncoding = 4; lastKnownFileType = sourcecode.cpp.objcpp; path = PolygonWorld.mm; sourceTree = "<group>"; };
		3D2FC23C1462FEDC0028BC01 /* PolygonWorld.xib */ = {isa = PBXFileReference; fileEncoding = 4; lastKnownFileType = file.xib; path = PolygonWorld.xib; sourceTree = "<group>"; };
		3D34A1A7146158C80027E291 /* ScriptingBridge.framework */ = {isa = PBXFileReference; lastKnownFileType = wrapper.framework; name = ScriptingBridge.framework; path = SDKs/MacOSX10.6.sdk/System/Library/Frameworks/ScriptingBridge.framework; sourceTree = DEVELOPER_DIR; };
		3D34A1AB146158CE0027E291 /* OpenGL.framework */ = {isa = PBXFileReference; lastKnownFileType = wrapper.framework; name = OpenGL.framework; path = ../../../../../System/Library/Frameworks/OpenGL.framework; sourceTree = "<group>"; };
		3D386C60145EF95C00665327 /* Livingroom.app */ = {isa = PBXFileReference; explicitFileType = wrapper.application; includeInIndex = 0; path = Livingroom.app; sourceTree = BUILT_PRODUCTS_DIR; };
		3D386C64145EF95C00665327 /* Cocoa.framework */ = {isa = PBXFileReference; lastKnownFileType = wrapper.framework; name = Cocoa.framework; path = System/Library/Frameworks/Cocoa.framework; sourceTree = SDKROOT; };
		3D386C67145EF95C00665327 /* AppKit.framework */ = {isa = PBXFileReference; lastKnownFileType = wrapper.framework; name = AppKit.framework; path = System/Library/Frameworks/AppKit.framework; sourceTree = SDKROOT; };
		3D386C68145EF95C00665327 /* CoreData.framework */ = {isa = PBXFileReference; lastKnownFileType = wrapper.framework; name = CoreData.framework; path = System/Library/Frameworks/CoreData.framework; sourceTree = SDKROOT; };
		3D386C69145EF95C00665327 /* Foundation.framework */ = {isa = PBXFileReference; lastKnownFileType = wrapper.framework; name = Foundation.framework; path = System/Library/Frameworks/Foundation.framework; sourceTree = SDKROOT; };
		3D386C6C145EF95C00665327 /* Livingroom-Info.plist */ = {isa = PBXFileReference; lastKnownFileType = text.plist.xml; path = "Livingroom-Info.plist"; sourceTree = "<group>"; };
		3D386C6E145EF95C00665327 /* en */ = {isa = PBXFileReference; lastKnownFileType = text.plist.strings; name = en; path = en.lproj/InfoPlist.strings; sourceTree = "<group>"; };
		3D386C70145EF95C00665327 /* main.m */ = {isa = PBXFileReference; lastKnownFileType = sourcecode.c.objc; path = main.m; sourceTree = "<group>"; };
		3D386C72145EF95C00665327 /* Livingroom-Prefix.pch */ = {isa = PBXFileReference; lastKnownFileType = sourcecode.c.h; path = "Livingroom-Prefix.pch"; sourceTree = "<group>"; };
		3D386C74145EF95C00665327 /* en */ = {isa = PBXFileReference; lastKnownFileType = text.rtf; name = en; path = en.lproj/Credits.rtf; sourceTree = "<group>"; };
		3D386C76145EF95C00665327 /* lrAppDelegate.h */ = {isa = PBXFileReference; lastKnownFileType = sourcecode.c.h; path = lrAppDelegate.h; sourceTree = "<group>"; };
		3D386C77145EF95C00665327 /* lrAppDelegate.mm */ = {isa = PBXFileReference; lastKnownFileType = sourcecode.cpp.objcpp; path = lrAppDelegate.mm; sourceTree = "<group>"; };
		3D386C7A145EF95D00665327 /* en */ = {isa = PBXFileReference; lastKnownFileType = file.xib; name = en; path = en.lproj/MainMenu.xib; sourceTree = "<group>"; };
		3D386C8C145F012200665327 /* Project.xcconfig */ = {isa = PBXFileReference; fileEncoding = 4; lastKnownFileType = text.xcconfig; path = Project.xcconfig; sourceTree = "<group>"; };
		3D96D7A8146962BB009DABB9 /* PolyInputSimpleMouse.h */ = {isa = PBXFileReference; fileEncoding = 4; lastKnownFileType = sourcecode.c.h; path = PolyInputSimpleMouse.h; sourceTree = "<group>"; };
		3D96D7A9146962BB009DABB9 /* PolyInputSimpleMouse.mm */ = {isa = PBXFileReference; fileEncoding = 4; lastKnownFileType = sourcecode.cpp.objcpp; path = PolyInputSimpleMouse.mm; sourceTree = "<group>"; };
/* End PBXFileReference section */

/* Begin PBXFrameworksBuildPhase section */
		3D386C5D145EF95C00665327 /* Frameworks */ = {
			isa = PBXFrameworksBuildPhase;
			buildActionMask = 2147483647;
			files = (
				3D386C65145EF95C00665327 /* Cocoa.framework in Frameworks */,
				3D34A1A8146158C80027E291 /* ScriptingBridge.framework in Frameworks */,
				3D34A1AC146158CE0027E291 /* OpenGL.framework in Frameworks */,
				3D268E6514629E8D009A366D /* ofxCocoaPlugins.framework in Frameworks */,
			);
			runOnlyForDeploymentPostprocessing = 0;
		};
/* End PBXFrameworksBuildPhase section */

/* Begin PBXGroup section */
		3D07197414693DDC0057E0B9 /* PolyEngine */ = {
			isa = PBXGroup;
			children = (
				3D071995146942090057E0B9 /* animators */,
				3D071996146942090057E0B9 /* inputs */,
				3D071997146942090057E0B9 /* renders */,
				3D071985146941D60057E0B9 /* core */,
				3D07198414693F930057E0B9 /* PolyInclude.h */,
			);
			path = PolyEngine;
			sourceTree = "<group>";
		};
		3D071985146941D60057E0B9 /* core */ = {
			isa = PBXGroup;
			children = (
				3D07198A146941D60057E0B9 /* PolyEngine.h */,
				3D07198B146941D60057E0B9 /* PolyEngine.mm */,
				3D071988146941D60057E0B9 /* PolyData.h */,
				3D071989146941D60057E0B9 /* PolyData.mm */,
				3D071986146941D60057E0B9 /* PolyAnimator.h */,
				3D071987146941D60057E0B9 /* PolyAnimator.mm */,
				3D07198C146941D60057E0B9 /* PolyInput.h */,
				3D07198D146941D60057E0B9 /* PolyInput.mm */,
				3D07198E146941D60057E0B9 /* PolyRender.h */,
				3D07198F146941D60057E0B9 /* PolyRender.mm */,
			);
			path = core;
			sourceTree = "<group>";
		};
		3D071995146942090057E0B9 /* animators */ = {
			isa = PBXGroup;
			children = (
			);
			name = animators;
			path = Livingroom/Plugins/PolygonWorld/PolyEngine/animators;
			sourceTree = SOURCE_ROOT;
		};
		3D071996146942090057E0B9 /* inputs */ = {
			isa = PBXGroup;
			children = (
				3D96D7A8146962BB009DABB9 /* PolyInputSimpleMouse.h */,
				3D96D7A9146962BB009DABB9 /* PolyInputSimpleMouse.mm */,
			);
			name = inputs;
			path = Livingroom/Plugins/PolygonWorld/PolyEngine/inputs;
			sourceTree = SOURCE_ROOT;
		};
		3D071997146942090057E0B9 /* renders */ = {
			isa = PBXGroup;
			children = (
				3D0719981469423E0057E0B9 /* PolyRenderSimpleWireframe.h */,
				3D0719991469423E0057E0B9 /* PolyRenderSimpleWireframe.mm */,
			);
			name = renders;
			path = Livingroom/Plugins/PolygonWorld/PolyEngine/renders;
			sourceTree = SOURCE_ROOT;
		};
		3D268E5714629DBD009A366D /* Products */ = {
			isa = PBXGroup;
			children = (
				3D268E6214629DBD009A366D /* ofxCocoaPlugins.framework */,
			);
			name = Products;
			sourceTree = "<group>";
		};
		3D2FC2381462FE3E0028BC01 /* Plugins */ = {
			isa = PBXGroup;
			children = (
				3D2FC2391462FE3E0028BC01 /* PolygonWorld */,
			);
			path = Plugins;
			sourceTree = "<group>";
		};
		3D2FC2391462FE3E0028BC01 /* PolygonWorld */ = {
			isa = PBXGroup;
			children = (
				3D07197414693DDC0057E0B9 /* PolyEngine */,
				3D2FC23A1462FEDC0028BC01 /* PolygonWorld.h */,
				3D2FC23B1462FEDC0028BC01 /* PolygonWorld.mm */,
				3D2FC23C1462FEDC0028BC01 /* PolygonWorld.xib */,
			);
			path = PolygonWorld;
			sourceTree = "<group>";
		};
		3D386C55145EF95C00665327 = {
			isa = PBXGroup;
			children = (
				3D386C8C145F012200665327 /* Project.xcconfig */,
				3D268E5614629DBD009A366D /* ofxCocoaPlugins.xcodeproj */,
				3D386C6A145EF95C00665327 /* Livingroom */,
				3D386C63145EF95C00665327 /* Frameworks */,
				3D386C61145EF95C00665327 /* Products */,
			);
			sourceTree = "<group>";
		};
		3D386C61145EF95C00665327 /* Products */ = {
			isa = PBXGroup;
			children = (
				3D386C60145EF95C00665327 /* Livingroom.app */,
			);
			name = Products;
			sourceTree = "<group>";
		};
		3D386C63145EF95C00665327 /* Frameworks */ = {
			isa = PBXGroup;
			children = (
				3D386C64145EF95C00665327 /* Cocoa.framework */,
				3D386C66145EF95C00665327 /* Other Frameworks */,
			);
			name = Frameworks;
			sourceTree = "<group>";
		};
		3D386C66145EF95C00665327 /* Other Frameworks */ = {
			isa = PBXGroup;
			children = (
				3D34A1AB146158CE0027E291 /* OpenGL.framework */,
				3D34A1A7146158C80027E291 /* ScriptingBridge.framework */,
				3D386C67145EF95C00665327 /* AppKit.framework */,
				3D386C68145EF95C00665327 /* CoreData.framework */,
				3D386C69145EF95C00665327 /* Foundation.framework */,
			);
			name = "Other Frameworks";
			sourceTree = "<group>";
		};
		3D386C6A145EF95C00665327 /* Livingroom */ = {
			isa = PBXGroup;
			children = (
				3D2FC2381462FE3E0028BC01 /* Plugins */,
				3D386C76145EF95C00665327 /* lrAppDelegate.h */,
				3D386C77145EF95C00665327 /* lrAppDelegate.mm */,
				3D386C79145EF95D00665327 /* MainMenu.xib */,
				3D386C6B145EF95C00665327 /* Supporting Files */,
			);
			path = Livingroom;
			sourceTree = "<group>";
		};
		3D386C6B145EF95C00665327 /* Supporting Files */ = {
			isa = PBXGroup;
			children = (
				3D386C6C145EF95C00665327 /* Livingroom-Info.plist */,
				3D386C6D145EF95C00665327 /* InfoPlist.strings */,
				3D386C70145EF95C00665327 /* main.m */,
				3D386C72145EF95C00665327 /* Livingroom-Prefix.pch */,
				3D386C73145EF95C00665327 /* Credits.rtf */,
			);
			name = "Supporting Files";
			sourceTree = "<group>";
		};
/* End PBXGroup section */

/* Begin PBXNativeTarget section */
		3D386C5F145EF95C00665327 /* Livingroom */ = {
			isa = PBXNativeTarget;
			buildConfigurationList = 3D386C7E145EF95D00665327 /* Build configuration list for PBXNativeTarget "Livingroom" */;
			buildPhases = (
				3D386C5C145EF95C00665327 /* Sources */,
				3D386C5D145EF95C00665327 /* Frameworks */,
				3D386C5E145EF95C00665327 /* Resources */,
				3D386CA9145F02F800665327 /* Copy Files (Framework) */,
			);
			buildRules = (
			);
			dependencies = (
				3D268E6714629E98009A366D /* PBXTargetDependency */,
			);
			name = Livingroom;
			productName = Livingroom;
			productReference = 3D386C60145EF95C00665327 /* Livingroom.app */;
			productType = "com.apple.product-type.application";
		};
/* End PBXNativeTarget section */

/* Begin PBXProject section */
		3D386C57145EF95C00665327 /* Project object */ = {
			isa = PBXProject;
			attributes = {
				LastUpgradeCheck = 0420;
			};
			buildConfigurationList = 3D386C5A145EF95C00665327 /* Build configuration list for PBXProject "Livingroom" */;
			compatibilityVersion = "Xcode 3.2";
			developmentRegion = English;
			hasScannedForEncodings = 0;
			knownRegions = (
				en,
			);
			mainGroup = 3D386C55145EF95C00665327;
			productRefGroup = 3D386C61145EF95C00665327 /* Products */;
			projectDirPath = "";
			projectReferences = (
				{
					ProductGroup = 3D268E5714629DBD009A366D /* Products */;
					ProjectRef = 3D268E5614629DBD009A366D /* ofxCocoaPlugins.xcodeproj */;
				},
			);
			projectRoot = "";
			targets = (
				3D386C5F145EF95C00665327 /* Livingroom */,
			);
		};
/* End PBXProject section */

/* Begin PBXReferenceProxy section */
		3D268E6214629DBD009A366D /* ofxCocoaPlugins.framework */ = {
			isa = PBXReferenceProxy;
			fileType = wrapper.framework;
			path = ofxCocoaPlugins.framework;
			remoteRef = 3D268E6114629DBD009A366D /* PBXContainerItemProxy */;
			sourceTree = BUILT_PRODUCTS_DIR;
		};
/* End PBXReferenceProxy section */

/* Begin PBXResourcesBuildPhase section */
		3D386C5E145EF95C00665327 /* Resources */ = {
			isa = PBXResourcesBuildPhase;
			buildActionMask = 2147483647;
			files = (
				3D386C6F145EF95C00665327 /* InfoPlist.strings in Resources */,
				3D386C75145EF95C00665327 /* Credits.rtf in Resources */,
				3D386C7B145EF95D00665327 /* MainMenu.xib in Resources */,
				3D386C8D145F012200665327 /* Project.xcconfig in Resources */,
				3D2FC23E1462FEDC0028BC01 /* PolygonWorld.xib in Resources */,
			);
			runOnlyForDeploymentPostprocessing = 0;
		};
/* End PBXResourcesBuildPhase section */

/* Begin PBXSourcesBuildPhase section */
		3D386C5C145EF95C00665327 /* Sources */ = {
			isa = PBXSourcesBuildPhase;
			buildActionMask = 2147483647;
			files = (
				3D386C71145EF95C00665327 /* main.m in Sources */,
				3D386C78145EF95C00665327 /* lrAppDelegate.mm in Sources */,
				3D2FC23D1462FEDC0028BC01 /* PolygonWorld.mm in Sources */,
				3D071990146941D60057E0B9 /* PolyAnimator.mm in Sources */,
				3D071991146941D60057E0B9 /* PolyData.mm in Sources */,
				3D071992146941D60057E0B9 /* PolyEngine.mm in Sources */,
				3D071993146941D60057E0B9 /* PolyInput.mm in Sources */,
				3D071994146941D60057E0B9 /* PolyRender.mm in Sources */,
				3D07199A1469423E0057E0B9 /* PolyRenderSimpleWireframe.mm in Sources */,
				3D96D7AA146962BB009DABB9 /* PolyInputSimpleMouse.mm in Sources */,
			);
			runOnlyForDeploymentPostprocessing = 0;
		};
/* End PBXSourcesBuildPhase section */

/* Begin PBXTargetDependency section */
		3D268E6714629E98009A366D /* PBXTargetDependency */ = {
			isa = PBXTargetDependency;
			name = ofxCocoaPlugins;
			targetProxy = 3D268E6614629E98009A366D /* PBXContainerItemProxy */;
		};
/* End PBXTargetDependency section */

/* Begin PBXVariantGroup section */
		3D386C6D145EF95C00665327 /* InfoPlist.strings */ = {
			isa = PBXVariantGroup;
			children = (
				3D386C6E145EF95C00665327 /* en */,
			);
			name = InfoPlist.strings;
			sourceTree = "<group>";
		};
		3D386C73145EF95C00665327 /* Credits.rtf */ = {
			isa = PBXVariantGroup;
			children = (
				3D386C74145EF95C00665327 /* en */,
			);
			name = Credits.rtf;
			sourceTree = "<group>";
		};
		3D386C79145EF95D00665327 /* MainMenu.xib */ = {
			isa = PBXVariantGroup;
			children = (
				3D386C7A145EF95D00665327 /* en */,
			);
			name = MainMenu.xib;
			sourceTree = "<group>";
		};
/* End PBXVariantGroup section */

/* Begin XCBuildConfiguration section */
		3D386C7C145EF95D00665327 /* Debug */ = {
			isa = XCBuildConfiguration;
			baseConfigurationReference = 3D386C8C145F012200665327 /* Project.xcconfig */;
			buildSettings = {
				ALWAYS_SEARCH_USER_PATHS = YES;
				ARCHS = "$(ARCHS_STANDARD_32_BIT)";
				CLANG_ENABLE_OBJC_ARC = NO;
				COPY_PHASE_STRIP = NO;
				ENABLE_OPENMP_SUPPORT = NO;
				GCC_C_LANGUAGE_STANDARD = "compiler-default";
				GCC_DYNAMIC_NO_PIC = NO;
				GCC_ENABLE_OBJC_EXCEPTIONS = YES;
				GCC_ENABLE_OBJC_GC = required;
				GCC_ENABLE_SSE3_EXTENSIONS = YES;
				GCC_ENABLE_SUPPLEMENTAL_SSE3_INSTRUCTIONS = YES;
				GCC_OPTIMIZATION_LEVEL = 0;
				GCC_PREPROCESSOR_DEFINITIONS = (
					"DEBUG=1",
					"$(inherited)",
				);
				GCC_SYMBOLS_PRIVATE_EXTERN = NO;
				GCC_VERSION = "";
				GCC_WARN_64_TO_32_BIT_CONVERSION = YES;
				GCC_WARN_ABOUT_MISSING_PROTOTYPES = YES;
				GCC_WARN_ABOUT_RETURN_TYPE = YES;
				GCC_WARN_UNUSED_VARIABLE = YES;
				MACOSX_DEPLOYMENT_TARGET = 10.7;
				ONLY_ACTIVE_ARCH = NO;
				OTHER_CPLUSPLUSFLAGS = "$(OTHER_CFLAGS)";
				OTHER_LDFLAGS = "$(OF_CORE_LIBS)";
				SDKROOT = macosx;
			};
			name = Debug;
		};
		3D386C7D145EF95D00665327 /* Release */ = {
			isa = XCBuildConfiguration;
			baseConfigurationReference = 3D386C8C145F012200665327 /* Project.xcconfig */;
			buildSettings = {
				ALWAYS_SEARCH_USER_PATHS = YES;
				ARCHS = "$(ARCHS_STANDARD_32_BIT)";
				CLANG_ENABLE_OBJC_ARC = NO;
				COPY_PHASE_STRIP = YES;
				DEBUG_INFORMATION_FORMAT = "dwarf-with-dsym";
				ENABLE_OPENMP_SUPPORT = NO;
				GCC_C_LANGUAGE_STANDARD = "compiler-default";
				GCC_ENABLE_OBJC_EXCEPTIONS = YES;
				GCC_ENABLE_OBJC_GC = required;
				GCC_ENABLE_SSE3_EXTENSIONS = YES;
				GCC_ENABLE_SUPPLEMENTAL_SSE3_INSTRUCTIONS = YES;
				GCC_VERSION = "";
				GCC_WARN_64_TO_32_BIT_CONVERSION = YES;
				GCC_WARN_ABOUT_MISSING_PROTOTYPES = YES;
				GCC_WARN_ABOUT_RETURN_TYPE = YES;
				GCC_WARN_UNUSED_VARIABLE = YES;
				MACOSX_DEPLOYMENT_TARGET = 10.7;
				ONLY_ACTIVE_ARCH = NO;
				OTHER_CPLUSPLUSFLAGS = "$(OTHER_CFLAGS)";
				OTHER_LDFLAGS = "$(OF_CORE_LIBS)";
				SDKROOT = macosx;
			};
			name = Release;
		};
		3D386C7F145EF95D00665327 /* Debug */ = {
			isa = XCBuildConfiguration;
			buildSettings = {
				GCC_INLINES_ARE_PRIVATE_EXTERN = NO;
				GCC_PRECOMPILE_PREFIX_HEADER = YES;
				GCC_PREFIX_HEADER = "";
				HEADER_SEARCH_PATHS = (
					/opt/local/include,
					/usr/local/include,
					"$(OF_CORE_HEADERS)",
					"ofxCocoaPlugins/src/CorePlugins/**",
					"$(OF_PATH)/addons/ofxOpenCv/src",
					"$(OF_PATH)/addons/ofxOpenCv/libs/opencv/include",
					"$(OF_PATH)/addons/ofxOpenCv/libs/opencv/include/opencv",
					"$(OF_PATH)/libs",
				);
				INFOPLIST_FILE = "Livingroom/Livingroom-Info.plist";
				LIBRARY_SEARCH_PATHS = (
					/usr/local/lib,
					/opt/local/lib,
					"$(inherited)",
					"\"$(SRCROOT)/ofxCocoaPlugins/ofxCocoaPlugins/libs/openframeworks/addons/ofxOpenCv/libs/opencv/lib/android/armeabi\"",
					"\"$(SRCROOT)/ofxCocoaPlugins/ofxCocoaPlugins/libs/openframeworks/addons/ofxOpenCv/libs/opencv/lib/android/armeabi-v7a\"",
					"\"$(SRCROOT)/ofxCocoaPlugins/ofxCocoaPlugins/libs/openframeworks/addons/ofxOpenCv/libs/opencv/lib/iphone\"",
					"\"$(SRCROOT)/ofxCocoaPlugins/ofxCocoaPlugins/libs/openframeworks/addons/ofxOpenCv/libs/opencv/lib/linux\"",
					"\"$(SRCROOT)/ofxCocoaPlugins/ofxCocoaPlugins/libs/openframeworks/addons/ofxOpenCv/libs/opencv/lib/linux64\"",
					"\"$(SRCROOT)/ofxCocoaPlugins/ofxCocoaPlugins/libs/openframeworks/addons/ofxOpenCv/libs/opencv/lib/osx\"",
					"\"$(SRCROOT)/ofxCocoaPlugins/ofxCocoaPlugins/libs/openframeworks/addons/ofxOpenCv/libs/opencv/lib/vs2010\"",
					"\"$(SRCROOT)/ofxCocoaPlugins/ofxCocoaPlugins/libs/openframeworks/addons/ofxOpenCv/libs/opencv/lib/win_cb\"",
				);
				ONLY_ACTIVE_ARCH = NO;
				OTHER_LDFLAGS = (
					"-Wl,-search_paths_first",
					"-Wl,-headerpad_max_install_names",
					/usr/local/lib/libCGAL.dylib,
					/opt/local/lib/libgmpxx.dylib,
					/opt/local/lib/libmpfr.dylib,
					/opt/local/lib/libgmp.dylib,
					"/opt/local/lib/libboost_thread-mt.dylib",
					/usr/local/lib/libCGAL.dylib,
					/opt/local/lib/libgmpxx.dylib,
					/opt/local/lib/libmpfr.dylib,
					/opt/local/lib/libgmp.dylib,
					"/opt/local/lib/libboost_thread-mt.dylib",
					"$(OF_CORE_LIBS)",
				);
				PRODUCT_NAME = "$(TARGET_NAME)";
				SDKROOT = macosx10.7;
				WRAPPER_EXTENSION = app;
			};
			name = Debug;
		};
		3D386C80145EF95D00665327 /* Release */ = {
			isa = XCBuildConfiguration;
			buildSettings = {
				GCC_INLINES_ARE_PRIVATE_EXTERN = NO;
				GCC_PRECOMPILE_PREFIX_HEADER = YES;
				GCC_PREFIX_HEADER = "";
				GCC_SYMBOLS_PRIVATE_EXTERN = NO;
				HEADER_SEARCH_PATHS = (
					/opt/local/include,
					/usr/local/include,
					"$(OF_CORE_HEADERS)",
					"ofxCocoaPlugins/src/CorePlugins/**",
					"$(OF_PATH)/addons/ofxOpenCv/src",
					"$(OF_PATH)/addons/ofxOpenCv/libs/opencv/include",
					"$(OF_PATH)/addons/ofxOpenCv/libs/opencv/include/opencv",
					"$(OF_PATH)/libs",
				);
				INFOPLIST_FILE = "Livingroom/Livingroom-Info.plist";
				LIBRARY_SEARCH_PATHS = (
					/usr/local/lib,
					/opt/local/lib,
					"$(inherited)",
					"\"$(SRCROOT)/ofxCocoaPlugins/ofxCocoaPlugins/libs/openframeworks/addons/ofxOpenCv/libs/opencv/lib/android/armeabi\"",
					"\"$(SRCROOT)/ofxCocoaPlugins/ofxCocoaPlugins/libs/openframeworks/addons/ofxOpenCv/libs/opencv/lib/android/armeabi-v7a\"",
					"\"$(SRCROOT)/ofxCocoaPlugins/ofxCocoaPlugins/libs/openframeworks/addons/ofxOpenCv/libs/opencv/lib/iphone\"",
					"\"$(SRCROOT)/ofxCocoaPlugins/ofxCocoaPlugins/libs/openframeworks/addons/ofxOpenCv/libs/opencv/lib/linux\"",
					"\"$(SRCROOT)/ofxCocoaPlugins/ofxCocoaPlugins/libs/openframeworks/addons/ofxOpenCv/libs/opencv/lib/linux64\"",
					"\"$(SRCROOT)/ofxCocoaPlugins/ofxCocoaPlugins/libs/openframeworks/addons/ofxOpenCv/libs/opencv/lib/osx\"",
					"\"$(SRCROOT)/ofxCocoaPlugins/ofxCocoaPlugins/libs/openframeworks/addons/ofxOpenCv/libs/opencv/lib/vs2010\"",
					"\"$(SRCROOT)/ofxCocoaPlugins/ofxCocoaPlugins/libs/openframeworks/addons/ofxOpenCv/libs/opencv/lib/win_cb\"",
				);
				ONLY_ACTIVE_ARCH = NO;
				OTHER_LDFLAGS = (
					"-Wl,-search_paths_first",
					"-Wl,-headerpad_max_install_names",
					/usr/local/lib/libCGAL.dylib,
					/opt/local/lib/libgmpxx.dylib,
					/opt/local/lib/libmpfr.dylib,
					/opt/local/lib/libgmp.dylib,
					"/opt/local/lib/libboost_thread-mt.dylib",
					/usr/local/lib/libCGAL.dylib,
					/opt/local/lib/libgmpxx.dylib,
					/opt/local/lib/libmpfr.dylib,
					/opt/local/lib/libgmp.dylib,
					"/opt/local/lib/libboost_thread-mt.dylib",
					"$(OF_CORE_LIBS)",
				);
				PRODUCT_NAME = "$(TARGET_NAME)";
				SDKROOT = macosx10.7;
				WRAPPER_EXTENSION = app;
			};
			name = Release;
		};
/* End XCBuildConfiguration section */

/* Begin XCConfigurationList section */
		3D386C5A145EF95C00665327 /* Build configuration list for PBXProject "Livingroom" */ = {
			isa = XCConfigurationList;
			buildConfigurations = (
				3D386C7C145EF95D00665327 /* Debug */,
				3D386C7D145EF95D00665327 /* Release */,
			);
			defaultConfigurationIsVisible = 0;
			defaultConfigurationName = Release;
		};
		3D386C7E145EF95D00665327 /* Build configuration list for PBXNativeTarget "Livingroom" */ = {
			isa = XCConfigurationList;
			buildConfigurations = (
				3D386C7F145EF95D00665327 /* Debug */,
				3D386C80145EF95D00665327 /* Release */,
			);
			defaultConfigurationIsVisible = 0;
			defaultConfigurationName = Release;
		};
/* End XCConfigurationList section */
	};
	rootObject = 3D386C57145EF95C00665327 /* Project object */;
}
