// !$*UTF8*$!
{
	archiveVersion = 1;
	classes = {
	};
	objectVersion = 46;
	objects = {

/* Begin PBXBuildFile section */
		3D386C65145EF95C00665327 /* Cocoa.framework in Frameworks */ = {isa = PBXBuildFile; fileRef = 3D386C64145EF95C00665327 /* Cocoa.framework */; };
		3D386C6F145EF95C00665327 /* InfoPlist.strings in Resources */ = {isa = PBXBuildFile; fileRef = 3D386C6D145EF95C00665327 /* InfoPlist.strings */; };
		3D386C71145EF95C00665327 /* main.m in Sources */ = {isa = PBXBuildFile; fileRef = 3D386C70145EF95C00665327 /* main.m */; };
		3D386C75145EF95C00665327 /* Credits.rtf in Resources */ = {isa = PBXBuildFile; fileRef = 3D386C73145EF95C00665327 /* Credits.rtf */; };
		3D386C78145EF95C00665327 /* lrAppDelegate.m in Sources */ = {isa = PBXBuildFile; fileRef = 3D386C77145EF95C00665327 /* lrAppDelegate.m */; };
		3D386C7B145EF95D00665327 /* MainMenu.xib in Resources */ = {isa = PBXBuildFile; fileRef = 3D386C79145EF95D00665327 /* MainMenu.xib */; };
		3D386C8D145F012200665327 /* Project.xcconfig in Resources */ = {isa = PBXBuildFile; fileRef = 3D386C8C145F012200665327 /* Project.xcconfig */; };
		3D386CA8145F027400665327 /* ofxCocoaPlugins.framework in Frameworks */ = {isa = PBXBuildFile; fileRef = 3D386CA0145F01D600665327 /* ofxCocoaPlugins.framework */; };
		3D386CAA145F031500665327 /* ofxCocoaPlugins.framework in Copy Files (Framework) */ = {isa = PBXBuildFile; fileRef = 3D386CA0145F01D600665327 /* ofxCocoaPlugins.framework */; };
/* End PBXBuildFile section */

/* Begin PBXContainerItemProxy section */
		3D386C9F145F01D600665327 /* PBXContainerItemProxy */ = {
			isa = PBXContainerItemProxy;
			containerPortal = 3D386C94145F01D600665327 /* ofxCocoaPlugins.xcodeproj */;
			proxyType = 2;
			remoteGlobalIDString = DDA7FFD8144F1C3800F81C9E;
			remoteInfo = ofxCocoaPlugins;
		};
/* End PBXContainerItemProxy section */

/* Begin PBXCopyFilesBuildPhase section */
		3D386CA9145F02F800665327 /* Copy Files (Framework) */ = {
			isa = PBXCopyFilesBuildPhase;
			buildActionMask = 2147483647;
			dstPath = "";
			dstSubfolderSpec = 10;
			files = (
				3D386CAA145F031500665327 /* ofxCocoaPlugins.framework in Copy Files (Framework) */,
			);
			name = "Copy Files (Framework)";
			runOnlyForDeploymentPostprocessing = 0;
		};
/* End PBXCopyFilesBuildPhase section */

/* Begin PBXFileReference section */
		3D386C60145EF95C00665327 /* Livingroom.app */ = {isa = PBXFileReference; explicitFileType = wrapper.application; includeInIndex = 0; path = Livingroom.app; sourceTree = BUILT_PRODUCTS_DIR; };
		3D386C64145EF95C00665327 /* Cocoa.framework */ = {isa = PBXFileReference; lastKnownFileType = wrapper.framework; name = Cocoa.framework; path = System/Library/Frameworks/Cocoa.framework; sourceTree = SDKROOT; };
		3D386C67145EF95C00665327 /* AppKit.framework */ = {isa = PBXFileReference; lastKnownFileType = wrapper.framework; name = AppKit.framework; path = System/Library/Frameworks/AppKit.framework; sourceTree = SDKROOT; };
		3D386C68145EF95C00665327 /* CoreData.framework */ = {isa = PBXFileReference; lastKnownFileType = wrapper.framework; name = CoreData.framework; path = System/Library/Frameworks/CoreData.framework; sourceTree = SDKROOT; };
		3D386C69145EF95C00665327 /* Foundation.framework */ = {isa = PBXFileReference; lastKnownFileType = wrapper.framework; name = Foundation.framework; path = System/Library/Frameworks/Foundation.framework; sourceTree = SDKROOT; };
		3D386C6C145EF95C00665327 /* Livingroom-Info.plist */ = {isa = PBXFileReference; lastKnownFileType = text.plist.xml; path = "Livingroom-Info.plist"; sourceTree = "<group>"; };
		3D386C6E145EF95C00665327 /* en */ = {isa = PBXFileReference; lastKnownFileType = text.plist.strings; name = en; path = en.lproj/InfoPlist.strings; sourceTree = "<group>"; };
		3D386C70145EF95C00665327 /* main.m */ = {isa = PBXFileReference; lastKnownFileType = sourcecode.c.objc; path = main.m; sourceTree = "<group>"; };
		3D386C72145EF95C00665327 /* Livingroom-Prefix.pch */ = {isa = PBXFileReference; lastKnownFileType = sourcecode.c.h; path = "Livingroom-Prefix.pch"; sourceTree = "<group>"; };
		3D386C74145EF95C00665327 /* en */ = {isa = PBXFileReference; lastKnownFileType = text.rtf; name = en; path = en.lproj/Credits.rtf; sourceTree = "<group>"; };
		3D386C76145EF95C00665327 /* lrAppDelegate.h */ = {isa = PBXFileReference; lastKnownFileType = sourcecode.c.h; path = lrAppDelegate.h; sourceTree = "<group>"; };
		3D386C77145EF95C00665327 /* lrAppDelegate.m */ = {isa = PBXFileReference; lastKnownFileType = sourcecode.c.objc; path = lrAppDelegate.m; sourceTree = "<group>"; };
		3D386C7A145EF95D00665327 /* en */ = {isa = PBXFileReference; lastKnownFileType = file.xib; name = en; path = en.lproj/MainMenu.xib; sourceTree = "<group>"; };
		3D386C8C145F012200665327 /* Project.xcconfig */ = {isa = PBXFileReference; fileEncoding = 4; lastKnownFileType = text.xcconfig; path = Project.xcconfig; sourceTree = "<group>"; };
		3D386C94145F01D600665327 /* ofxCocoaPlugins.xcodeproj */ = {isa = PBXFileReference; lastKnownFileType = "wrapper.pb-project"; name = ofxCocoaPlugins.xcodeproj; path = ../ofxCocoaPlugins/ofxCocoaPlugins.xcodeproj; sourceTree = "<group>"; };
/* End PBXFileReference section */

/* Begin PBXFrameworksBuildPhase section */
		3D386C5D145EF95C00665327 /* Frameworks */ = {
			isa = PBXFrameworksBuildPhase;
			buildActionMask = 2147483647;
			files = (
				3D386C65145EF95C00665327 /* Cocoa.framework in Frameworks */,
				3D386CA8145F027400665327 /* ofxCocoaPlugins.framework in Frameworks */,
			);
			runOnlyForDeploymentPostprocessing = 0;
		};
/* End PBXFrameworksBuildPhase section */

/* Begin PBXGroup section */
		3D386C55145EF95C00665327 = {
			isa = PBXGroup;
			children = (
				3D386C8C145F012200665327 /* Project.xcconfig */,
				3D386C94145F01D600665327 /* ofxCocoaPlugins.xcodeproj */,
				3D386C6A145EF95C00665327 /* Livingroom */,
				3D386C63145EF95C00665327 /* Frameworks */,
				3D386C61145EF95C00665327 /* Products */,
			);
			sourceTree = "<group>";
		};
		3D386C61145EF95C00665327 /* Products */ = {
			isa = PBXGroup;
			children = (
				3D386C60145EF95C00665327 /* Livingroom.app */,
			);
			name = Products;
			sourceTree = "<group>";
		};
		3D386C63145EF95C00665327 /* Frameworks */ = {
			isa = PBXGroup;
			children = (
				3D386C64145EF95C00665327 /* Cocoa.framework */,
				3D386C66145EF95C00665327 /* Other Frameworks */,
			);
			name = Frameworks;
			sourceTree = "<group>";
		};
		3D386C66145EF95C00665327 /* Other Frameworks */ = {
			isa = PBXGroup;
			children = (
				3D386C67145EF95C00665327 /* AppKit.framework */,
				3D386C68145EF95C00665327 /* CoreData.framework */,
				3D386C69145EF95C00665327 /* Foundation.framework */,
			);
			name = "Other Frameworks";
			sourceTree = "<group>";
		};
		3D386C6A145EF95C00665327 /* Livingroom */ = {
			isa = PBXGroup;
			children = (
				3D386C76145EF95C00665327 /* lrAppDelegate.h */,
				3D386C77145EF95C00665327 /* lrAppDelegate.m */,
				3D386C79145EF95D00665327 /* MainMenu.xib */,
				3D386C6B145EF95C00665327 /* Supporting Files */,
			);
			path = Livingroom;
			sourceTree = "<group>";
		};
		3D386C6B145EF95C00665327 /* Supporting Files */ = {
			isa = PBXGroup;
			children = (
				3D386C6C145EF95C00665327 /* Livingroom-Info.plist */,
				3D386C6D145EF95C00665327 /* InfoPlist.strings */,
				3D386C70145EF95C00665327 /* main.m */,
				3D386C72145EF95C00665327 /* Livingroom-Prefix.pch */,
				3D386C73145EF95C00665327 /* Credits.rtf */,
			);
			name = "Supporting Files";
			sourceTree = "<group>";
		};
		3D386C95145F01D600665327 /* Products */ = {
			isa = PBXGroup;
			children = (
				3D386CA0145F01D600665327 /* ofxCocoaPlugins.framework */,
			);
			name = Products;
			sourceTree = "<group>";
		};
/* End PBXGroup section */

/* Begin PBXNativeTarget section */
		3D386C5F145EF95C00665327 /* Livingroom */ = {
			isa = PBXNativeTarget;
			buildConfigurationList = 3D386C7E145EF95D00665327 /* Build configuration list for PBXNativeTarget "Livingroom" */;
			buildPhases = (
				3D386C5C145EF95C00665327 /* Sources */,
				3D386C5D145EF95C00665327 /* Frameworks */,
				3D386C5E145EF95C00665327 /* Resources */,
				3D386CA9145F02F800665327 /* Copy Files (Framework) */,
			);
			buildRules = (
			);
			dependencies = (
			);
			name = Livingroom;
			productName = Livingroom;
			productReference = 3D386C60145EF95C00665327 /* Livingroom.app */;
			productType = "com.apple.product-type.application";
		};
/* End PBXNativeTarget section */

/* Begin PBXProject section */
		3D386C57145EF95C00665327 /* Project object */ = {
			isa = PBXProject;
			attributes = {
				LastUpgradeCheck = 0420;
			};
			buildConfigurationList = 3D386C5A145EF95C00665327 /* Build configuration list for PBXProject "Livingroom" */;
			compatibilityVersion = "Xcode 3.2";
			developmentRegion = English;
			hasScannedForEncodings = 0;
			knownRegions = (
				en,
			);
			mainGroup = 3D386C55145EF95C00665327;
			productRefGroup = 3D386C61145EF95C00665327 /* Products */;
			projectDirPath = "";
			projectReferences = (
				{
					ProductGroup = 3D386C95145F01D600665327 /* Products */;
					ProjectRef = 3D386C94145F01D600665327 /* ofxCocoaPlugins.xcodeproj */;
				},
			);
			projectRoot = "";
			targets = (
				3D386C5F145EF95C00665327 /* Livingroom */,
			);
		};
/* End PBXProject section */

/* Begin PBXReferenceProxy section */
		3D386CA0145F01D600665327 /* ofxCocoaPlugins.framework */ = {
			isa = PBXReferenceProxy;
			fileType = wrapper.framework;
			path = ofxCocoaPlugins.framework;
			remoteRef = 3D386C9F145F01D600665327 /* PBXContainerItemProxy */;
			sourceTree = BUILT_PRODUCTS_DIR;
		};
/* End PBXReferenceProxy section */

/* Begin PBXResourcesBuildPhase section */
		3D386C5E145EF95C00665327 /* Resources */ = {
			isa = PBXResourcesBuildPhase;
			buildActionMask = 2147483647;
			files = (
				3D386C6F145EF95C00665327 /* InfoPlist.strings in Resources */,
				3D386C75145EF95C00665327 /* Credits.rtf in Resources */,
				3D386C7B145EF95D00665327 /* MainMenu.xib in Resources */,
				3D386C8D145F012200665327 /* Project.xcconfig in Resources */,
			);
			runOnlyForDeploymentPostprocessing = 0;
		};
/* End PBXResourcesBuildPhase section */

/* Begin PBXSourcesBuildPhase section */
		3D386C5C145EF95C00665327 /* Sources */ = {
			isa = PBXSourcesBuildPhase;
			buildActionMask = 2147483647;
			files = (
				3D386C71145EF95C00665327 /* main.m in Sources */,
				3D386C78145EF95C00665327 /* lrAppDelegate.m in Sources */,
			);
			runOnlyForDeploymentPostprocessing = 0;
		};
/* End PBXSourcesBuildPhase section */

/* Begin PBXVariantGroup section */
		3D386C6D145EF95C00665327 /* InfoPlist.strings */ = {
			isa = PBXVariantGroup;
			children = (
				3D386C6E145EF95C00665327 /* en */,
			);
			name = InfoPlist.strings;
			sourceTree = "<group>";
		};
		3D386C73145EF95C00665327 /* Credits.rtf */ = {
			isa = PBXVariantGroup;
			children = (
				3D386C74145EF95C00665327 /* en */,
			);
			name = Credits.rtf;
			sourceTree = "<group>";
		};
		3D386C79145EF95D00665327 /* MainMenu.xib */ = {
			isa = PBXVariantGroup;
			children = (
				3D386C7A145EF95D00665327 /* en */,
			);
			name = MainMenu.xib;
			sourceTree = "<group>";
		};
/* End PBXVariantGroup section */

/* Begin XCBuildConfiguration section */
		3D386C7C145EF95D00665327 /* Debug */ = {
			isa = XCBuildConfiguration;
			baseConfigurationReference = 3D386C8C145F012200665327 /* Project.xcconfig */;
			buildSettings = {
				ALWAYS_SEARCH_USER_PATHS = NO;
				ARCHS = "$(ARCHS_STANDARD_32_BIT)";
				CLANG_ENABLE_OBJC_ARC = NO;
				COPY_PHASE_STRIP = NO;
				GCC_C_LANGUAGE_STANDARD = gnu99;
				GCC_DYNAMIC_NO_PIC = NO;
				GCC_ENABLE_OBJC_EXCEPTIONS = YES;
				GCC_OPTIMIZATION_LEVEL = 0;
				GCC_PREPROCESSOR_DEFINITIONS = (
					"DEBUG=1",
					"$(inherited)",
				);
				GCC_SYMBOLS_PRIVATE_EXTERN = NO;
				GCC_VERSION = com.apple.compilers.llvm.clang.1_0;
				GCC_WARN_64_TO_32_BIT_CONVERSION = YES;
				GCC_WARN_ABOUT_MISSING_PROTOTYPES = YES;
				GCC_WARN_ABOUT_RETURN_TYPE = YES;
				GCC_WARN_UNUSED_VARIABLE = YES;
				MACOSX_DEPLOYMENT_TARGET = 10.7;
				ONLY_ACTIVE_ARCH = YES;
				SDKROOT = macosx;
			};
			name = Debug;
		};
		3D386C7D145EF95D00665327 /* Release */ = {
			isa = XCBuildConfiguration;
			baseConfigurationReference = 3D386C8C145F012200665327 /* Project.xcconfig */;
			buildSettings = {
				ALWAYS_SEARCH_USER_PATHS = NO;
				ARCHS = "$(ARCHS_STANDARD_32_BIT)";
				CLANG_ENABLE_OBJC_ARC = NO;
				COPY_PHASE_STRIP = YES;
				DEBUG_INFORMATION_FORMAT = "dwarf-with-dsym";
				GCC_C_LANGUAGE_STANDARD = gnu99;
				GCC_ENABLE_OBJC_EXCEPTIONS = YES;
				GCC_VERSION = com.apple.compilers.llvm.clang.1_0;
				GCC_WARN_64_TO_32_BIT_CONVERSION = YES;
				GCC_WARN_ABOUT_MISSING_PROTOTYPES = YES;
				GCC_WARN_ABOUT_RETURN_TYPE = YES;
				GCC_WARN_UNUSED_VARIABLE = YES;
				MACOSX_DEPLOYMENT_TARGET = 10.7;
				SDKROOT = macosx;
			};
			name = Release;
		};
		3D386C7F145EF95D00665327 /* Debug */ = {
			isa = XCBuildConfiguration;
			buildSettings = {
				GCC_PRECOMPILE_PREFIX_HEADER = YES;
				GCC_PREFIX_HEADER = "Livingroom/Livingroom-Prefix.pch";
				INFOPLIST_FILE = "Livingroom/Livingroom-Info.plist";
				PRODUCT_NAME = "$(TARGET_NAME)";
				WRAPPER_EXTENSION = app;
			};
			name = Debug;
		};
		3D386C80145EF95D00665327 /* Release */ = {
			isa = XCBuildConfiguration;
			buildSettings = {
				GCC_PRECOMPILE_PREFIX_HEADER = YES;
				GCC_PREFIX_HEADER = "Livingroom/Livingroom-Prefix.pch";
				INFOPLIST_FILE = "Livingroom/Livingroom-Info.plist";
				PRODUCT_NAME = "$(TARGET_NAME)";
				WRAPPER_EXTENSION = app;
			};
			name = Release;
		};
/* End XCBuildConfiguration section */

/* Begin XCConfigurationList section */
		3D386C5A145EF95C00665327 /* Build configuration list for PBXProject "Livingroom" */ = {
			isa = XCConfigurationList;
			buildConfigurations = (
				3D386C7C145EF95D00665327 /* Debug */,
				3D386C7D145EF95D00665327 /* Release */,
			);
			defaultConfigurationIsVisible = 0;
			defaultConfigurationName = Release;
		};
		3D386C7E145EF95D00665327 /* Build configuration list for PBXNativeTarget "Livingroom" */ = {
			isa = XCConfigurationList;
			buildConfigurations = (
				3D386C7F145EF95D00665327 /* Debug */,
				3D386C80145EF95D00665327 /* Release */,
			);
			defaultConfigurationIsVisible = 0;
			defaultConfigurationName = Release;
		};
/* End XCConfigurationList section */
	};
	rootObject = 3D386C57145EF95C00665327 /* Project object */;
}
