// !$*UTF8*$!
{
	archiveVersion = 1;
	classes = {
	};
	objectVersion = 46;
	objects = {

/* Begin PBXBuildFile section */
		3D071990146941D60057E0B9 /* PolyAnimator.mm in Sources */ = {isa = PBXBuildFile; fileRef = 3D071987146941D60057E0B9 /* PolyAnimator.mm */; };
		3D071991146941D60057E0B9 /* PolyArrangement.mm in Sources */ = {isa = PBXBuildFile; fileRef = 3D071989146941D60057E0B9 /* PolyArrangement.mm */; };
		3D071992146941D60057E0B9 /* PolyEngine.mm in Sources */ = {isa = PBXBuildFile; fileRef = 3D07198B146941D60057E0B9 /* PolyEngine.mm */; };
		3D071993146941D60057E0B9 /* PolyInput.mm in Sources */ = {isa = PBXBuildFile; fileRef = 3D07198D146941D60057E0B9 /* PolyInput.mm */; };
		3D071994146941D60057E0B9 /* PolyRender.mm in Sources */ = {isa = PBXBuildFile; fileRef = 3D07198F146941D60057E0B9 /* PolyRender.mm */; };
		3D07199A1469423E0057E0B9 /* PolyRenderSimpleWireframe.mm in Sources */ = {isa = PBXBuildFile; fileRef = 3D0719991469423E0057E0B9 /* PolyRenderSimpleWireframe.mm */; };
		3D100A2F14927AAD0067A46E /* CGALEnumerator.mm in Sources */ = {isa = PBXBuildFile; fileRef = 3D100A2E14927AAD0067A46E /* CGALEnumerator.mm */; };
		3D16C0A6146AEC9800718ADC /* PolyAnimatorSimplePushPop.mm in Sources */ = {isa = PBXBuildFile; fileRef = 3D16C0A5146AEC9800718ADC /* PolyAnimatorSimplePushPop.mm */; };
		3D1E7089149257360040822A /* PolyInputTracker.mm in Sources */ = {isa = PBXBuildFile; fileRef = 3D1E7088149257360040822A /* PolyInputTracker.mm */; };
		3D2FC23D1462FEDC0028BC01 /* PolygonWorld.mm in Sources */ = {isa = PBXBuildFile; fileRef = 3D2FC23B1462FEDC0028BC01 /* PolygonWorld.mm */; };
		3D2FC23E1462FEDC0028BC01 /* PolygonWorld.xib in Resources */ = {isa = PBXBuildFile; fileRef = 3D2FC23C1462FEDC0028BC01 /* PolygonWorld.xib */; };
		3D33622C14BF0FBB007C8782 /* PolyRenderLights.mm in Sources */ = {isa = PBXBuildFile; fileRef = 3D33622B14BF0FBB007C8782 /* PolyRenderLights.mm */; };
		3D33623014BF11AB007C8782 /* PolyAnimatorGravity.mm in Sources */ = {isa = PBXBuildFile; fileRef = 3D33622F14BF11AB007C8782 /* PolyAnimatorGravity.mm */; };
		3D33623314BF2129007C8782 /* PolyInputRandomGenerator.mm in Sources */ = {isa = PBXBuildFile; fileRef = 3D33623214BF2128007C8782 /* PolyInputRandomGenerator.mm */; };
		3D34A1A8146158C80027E291 /* ScriptingBridge.framework in Frameworks */ = {isa = PBXBuildFile; fileRef = 3D34A1A7146158C80027E291 /* ScriptingBridge.framework */; };
		3D34A1AC146158CE0027E291 /* OpenGL.framework in Frameworks */ = {isa = PBXBuildFile; fileRef = 3D34A1AB146158CE0027E291 /* OpenGL.framework */; };
		3D386C65145EF95C00665327 /* Cocoa.framework in Frameworks */ = {isa = PBXBuildFile; fileRef = 3D386C64145EF95C00665327 /* Cocoa.framework */; };
		3D386C6F145EF95C00665327 /* InfoPlist.strings in Resources */ = {isa = PBXBuildFile; fileRef = 3D386C6D145EF95C00665327 /* InfoPlist.strings */; };
		3D386C71145EF95C00665327 /* main.m in Sources */ = {isa = PBXBuildFile; fileRef = 3D386C70145EF95C00665327 /* main.m */; };
		3D386C75145EF95C00665327 /* Credits.rtf in Resources */ = {isa = PBXBuildFile; fileRef = 3D386C73145EF95C00665327 /* Credits.rtf */; };
		3D386C78145EF95C00665327 /* lrAppDelegate.mm in Sources */ = {isa = PBXBuildFile; fileRef = 3D386C77145EF95C00665327 /* lrAppDelegate.mm */; };
		3D386C7B145EF95D00665327 /* MainMenu.xib in Resources */ = {isa = PBXBuildFile; fileRef = 3D386C79145EF95D00665327 /* MainMenu.xib */; };
		3D386C8D145F012200665327 /* Project.xcconfig in Resources */ = {isa = PBXBuildFile; fileRef = 3D386C8C145F012200665327 /* Project.xcconfig */; };
		3D67E44E14C5A06D00CB1696 /* Gradient.png in Resources */ = {isa = PBXBuildFile; fileRef = 3D67E44D14C5A06D00CB1696 /* Gradient.png */; };
		3D8C5FF41497A28500A3CA6D /* OSCControl.mm in Sources */ = {isa = PBXBuildFile; fileRef = 3D8C5FF21497A28500A3CA6D /* OSCControl.mm */; };
		3D8C5FF51497A28500A3CA6D /* OSCControl.xib in Resources */ = {isa = PBXBuildFile; fileRef = 3D8C5FF31497A28500A3CA6D /* OSCControl.xib */; };
		3D956F9A146BFB5200A59811 /* PolyAnimatorSprings.mm in Sources */ = {isa = PBXBuildFile; fileRef = 3D956F99146BFB5200A59811 /* PolyAnimatorSprings.mm */; };
		3D96D7AA146962BB009DABB9 /* PolyInputSimpleMouseDraw.mm in Sources */ = {isa = PBXBuildFile; fileRef = 3D96D7A9146962BB009DABB9 /* PolyInputSimpleMouseDraw.mm */; };
		3D9715CD148D0A17009A8068 /* ofxCocoaPlugins.framework in Frameworks */ = {isa = PBXBuildFile; fileRef = 3D9715CC148D0A17009A8068 /* ofxCocoaPlugins.framework */; };
		3D9715CE148D0A2B009A8068 /* ofxCocoaPlugins.framework in Copy Files (Framework) */ = {isa = PBXBuildFile; fileRef = 3D9715CC148D0A17009A8068 /* ofxCocoaPlugins.framework */; };
		3D9715D1148D180D009A8068 /* PolyModule.mm in Sources */ = {isa = PBXBuildFile; fileRef = 3D9715D0148D180D009A8068 /* PolyModule.mm */; };
		3D973A6014BEE93900FE3CB5 /* Perspective.xib in Resources */ = {isa = PBXBuildFile; fileRef = 3D973A5F14BEE93900FE3CB5 /* Perspective.xib */; };
		3D9D181B14BDF03D00DD2093 /* 6943.jpg in Resources */ = {isa = PBXBuildFile; fileRef = 3D9D181A14BDF03D00DD2093 /* 6943.jpg */; };
		3D9D181E14BDF11A00DD2093 /* ash50x50.jpg in Resources */ = {isa = PBXBuildFile; fileRef = 3D9D181D14BDF11A00DD2093 /* ash50x50.jpg */; };
		3D9D182014BDF53900DD2093 /* ash8x8.jpg in Resources */ = {isa = PBXBuildFile; fileRef = 3D9D181F14BDF53900DD2093 /* ash8x8.jpg */; };
		3D9F6BCF14939029004AEA70 /* PolyAnimatorCrumble.mm in Sources */ = {isa = PBXBuildFile; fileRef = 3D9F6BCE14939029004AEA70 /* PolyAnimatorCrumble.mm */; };
		3DA00422149A11E900EECA9B /* PolyAnimatorPhysics.mm in Sources */ = {isa = PBXBuildFile; fileRef = 3DA00421149A11E800EECA9B /* PolyAnimatorPhysics.mm */; };
		3DAF18CD14B35EEE003B6B81 /* Tracker.mm in Sources */ = {isa = PBXBuildFile; fileRef = 3DAF18CB14B35EEE003B6B81 /* Tracker.mm */; };
		3DAF18CE14B35EEE003B6B81 /* Tracker.xib in Resources */ = {isa = PBXBuildFile; fileRef = 3DAF18CC14B35EEE003B6B81 /* Tracker.xib */; };
		3DE3C34514B3512800A7E9E0 /* AshParticles.mm in Sources */ = {isa = PBXBuildFile; fileRef = 3DE3C34314B3512800A7E9E0 /* AshParticles.mm */; };
		3DE3C34614B3512800A7E9E0 /* AshParticles.xib in Resources */ = {isa = PBXBuildFile; fileRef = 3DE3C34414B3512800A7E9E0 /* AshParticles.xib */; };
		3DE3C35214B35A6F00A7E9E0 /* ParticleSystem.cpp in Sources */ = {isa = PBXBuildFile; fileRef = 3DE3C34F14B35A6F00A7E9E0 /* ParticleSystem.cpp */; };
		3DE8772B148E628300F7558C /* PolyNumberProperty.mm in Sources */ = {isa = PBXBuildFile; fileRef = 3DE8772A148E628300F7558C /* PolyNumberProperty.mm */; };
		3DF0F51B14C6D42D00B1EDED /* Prolog.mm in Sources */ = {isa = PBXBuildFile; fileRef = 3DF0F51914C6D42D00B1EDED /* Prolog.mm */; };
		3DF0F51C14C6D42D00B1EDED /* Prolog.xib in Resources */ = {isa = PBXBuildFile; fileRef = 3DF0F51A14C6D42D00B1EDED /* Prolog.xib */; };
		7F26374B148D33C10055DCFA /* MGRecessedPopUpButtonCell.m in Sources */ = {isa = PBXBuildFile; fileRef = 7F263732148D33C10055DCFA /* MGRecessedPopUpButtonCell.m */; };
		7F26374C148D33C10055DCFA /* MGScopeBar.m in Sources */ = {isa = PBXBuildFile; fileRef = 7F263734148D33C10055DCFA /* MGScopeBar.m */; };
		7F26374D148D33C10055DCFA /* ReadMe.txt in Resources */ = {isa = PBXBuildFile; fileRef = 7F26373A148D33C10055DCFA /* ReadMe.txt */; };
		7F26374E148D33C10055DCFA /* Source Code License.rtf in Resources */ = {isa = PBXBuildFile; fileRef = 7F26373B148D33C10055DCFA /* Source Code License.rtf */; };
		7F26374F148D33C10055DCFA /* TODO in Resources */ = {isa = PBXBuildFile; fileRef = 7F26373C148D33C10055DCFA /* TODO */; };
		7F462712149511F60095786B /* install.xml in Resources */ = {isa = PBXBuildFile; fileRef = 7F462707149511F60095786B /* install.xml */; };
		7F462713149511F60095786B /* model3DS.cpp in Sources */ = {isa = PBXBuildFile; fileRef = 7F46270A149511F60095786B /* model3DS.cpp */; };
		7F462714149511F60095786B /* texture3DS.cpp in Sources */ = {isa = PBXBuildFile; fileRef = 7F46270C149511F60095786B /* texture3DS.cpp */; };
		7F462715149511F60095786B /* ofx3dModelLoader.cpp in Sources */ = {isa = PBXBuildFile; fileRef = 7F462710149511F60095786B /* ofx3dModelLoader.cpp */; };
		7F6D575B146BFEE8006F8CF0 /* PolyAnimatorCracks.mm in Sources */ = {isa = PBXBuildFile; fileRef = 7F6D575A146BFEE8006F8CF0 /* PolyAnimatorCracks.mm */; };
		7F6D5778146C0F91006F8CF0 /* PolyRenderCrackLines.mm in Sources */ = {isa = PBXBuildFile; fileRef = 7F6D5777146C0F91006F8CF0 /* PolyRenderCrackLines.mm */; };
		7FE39E7B1495023C00EFA4CB /* Perspective.mm in Sources */ = {isa = PBXBuildFile; fileRef = 7FE39E7A1495023C00EFA4CB /* Perspective.mm */; };
/* End PBXBuildFile section */

/* Begin PBXCopyFilesBuildPhase section */
		3D386CA9145F02F800665327 /* Copy Files (Framework) */ = {
			isa = PBXCopyFilesBuildPhase;
			buildActionMask = 2147483647;
			dstPath = "";
			dstSubfolderSpec = 10;
			files = (
				3D9715CE148D0A2B009A8068 /* ofxCocoaPlugins.framework in Copy Files (Framework) */,
			);
			name = "Copy Files (Framework)";
			runOnlyForDeploymentPostprocessing = 0;
		};
/* End PBXCopyFilesBuildPhase section */

/* Begin PBXFileReference section */
		3D07198414693F930057E0B9 /* PolyInclude.h */ = {isa = PBXFileReference; fileEncoding = 4; lastKnownFileType = sourcecode.c.h; path = PolyInclude.h; sourceTree = "<group>"; };
		3D071986146941D60057E0B9 /* PolyAnimator.h */ = {isa = PBXFileReference; fileEncoding = 4; lastKnownFileType = sourcecode.c.h; path = PolyAnimator.h; sourceTree = "<group>"; };
		3D071987146941D60057E0B9 /* PolyAnimator.mm */ = {isa = PBXFileReference; fileEncoding = 4; lastKnownFileType = sourcecode.cpp.objcpp; path = PolyAnimator.mm; sourceTree = "<group>"; };
		3D071988146941D60057E0B9 /* PolyArrangement.h */ = {isa = PBXFileReference; fileEncoding = 4; lastKnownFileType = sourcecode.c.h; path = PolyArrangement.h; sourceTree = "<group>"; };
		3D071989146941D60057E0B9 /* PolyArrangement.mm */ = {isa = PBXFileReference; fileEncoding = 4; lastKnownFileType = sourcecode.cpp.objcpp; path = PolyArrangement.mm; sourceTree = "<group>"; };
		3D07198A146941D60057E0B9 /* PolyEngine.h */ = {isa = PBXFileReference; fileEncoding = 4; lastKnownFileType = sourcecode.c.h; path = PolyEngine.h; sourceTree = "<group>"; };
		3D07198B146941D60057E0B9 /* PolyEngine.mm */ = {isa = PBXFileReference; fileEncoding = 4; lastKnownFileType = sourcecode.cpp.objcpp; path = PolyEngine.mm; sourceTree = "<group>"; };
		3D07198C146941D60057E0B9 /* PolyInput.h */ = {isa = PBXFileReference; fileEncoding = 4; lastKnownFileType = sourcecode.c.h; path = PolyInput.h; sourceTree = "<group>"; };
		3D07198D146941D60057E0B9 /* PolyInput.mm */ = {isa = PBXFileReference; fileEncoding = 4; lastKnownFileType = sourcecode.cpp.objcpp; path = PolyInput.mm; sourceTree = "<group>"; };
		3D07198E146941D60057E0B9 /* PolyRender.h */ = {isa = PBXFileReference; fileEncoding = 4; lastKnownFileType = sourcecode.c.h; path = PolyRender.h; sourceTree = "<group>"; };
		3D07198F146941D60057E0B9 /* PolyRender.mm */ = {isa = PBXFileReference; fileEncoding = 4; lastKnownFileType = sourcecode.cpp.objcpp; path = PolyRender.mm; sourceTree = "<group>"; };
		3D0719981469423E0057E0B9 /* PolyRenderSimpleWireframe.h */ = {isa = PBXFileReference; fileEncoding = 4; lastKnownFileType = sourcecode.c.h; path = PolyRenderSimpleWireframe.h; sourceTree = "<group>"; };
		3D0719991469423E0057E0B9 /* PolyRenderSimpleWireframe.mm */ = {isa = PBXFileReference; fileEncoding = 4; lastKnownFileType = sourcecode.cpp.objcpp; path = PolyRenderSimpleWireframe.mm; sourceTree = "<group>"; };
		3D100A2D14927AAD0067A46E /* CGALEnumerator.h */ = {isa = PBXFileReference; fileEncoding = 4; lastKnownFileType = sourcecode.c.h; path = CGALEnumerator.h; sourceTree = "<group>"; };
		3D100A2E14927AAD0067A46E /* CGALEnumerator.mm */ = {isa = PBXFileReference; fileEncoding = 4; lastKnownFileType = sourcecode.cpp.objcpp; path = CGALEnumerator.mm; sourceTree = "<group>"; };
		3D16C0A4146AEC9800718ADC /* PolyAnimatorSimplePushPop.h */ = {isa = PBXFileReference; fileEncoding = 4; lastKnownFileType = sourcecode.c.h; path = PolyAnimatorSimplePushPop.h; sourceTree = "<group>"; };
		3D16C0A5146AEC9800718ADC /* PolyAnimatorSimplePushPop.mm */ = {isa = PBXFileReference; fileEncoding = 4; lastKnownFileType = sourcecode.cpp.objcpp; path = PolyAnimatorSimplePushPop.mm; sourceTree = "<group>"; };
		3D1E7087149257360040822A /* PolyInputTracker.h */ = {isa = PBXFileReference; fileEncoding = 4; lastKnownFileType = sourcecode.c.h; path = PolyInputTracker.h; sourceTree = "<group>"; };
		3D1E7088149257360040822A /* PolyInputTracker.mm */ = {isa = PBXFileReference; fileEncoding = 4; lastKnownFileType = sourcecode.cpp.objcpp; path = PolyInputTracker.mm; sourceTree = "<group>"; };
		3D2FC23A1462FEDC0028BC01 /* PolygonWorld.h */ = {isa = PBXFileReference; fileEncoding = 4; lastKnownFileType = sourcecode.c.h; path = PolygonWorld.h; sourceTree = "<group>"; };
		3D2FC23B1462FEDC0028BC01 /* PolygonWorld.mm */ = {isa = PBXFileReference; fileEncoding = 4; lastKnownFileType = sourcecode.cpp.objcpp; path = PolygonWorld.mm; sourceTree = "<group>"; };
		3D2FC23C1462FEDC0028BC01 /* PolygonWorld.xib */ = {isa = PBXFileReference; fileEncoding = 4; lastKnownFileType = file.xib; path = PolygonWorld.xib; sourceTree = "<group>"; };
		3D33622A14BF0FBB007C8782 /* PolyRenderLights.h */ = {isa = PBXFileReference; fileEncoding = 4; lastKnownFileType = sourcecode.c.h; path = PolyRenderLights.h; sourceTree = "<group>"; };
		3D33622B14BF0FBB007C8782 /* PolyRenderLights.mm */ = {isa = PBXFileReference; fileEncoding = 4; lastKnownFileType = sourcecode.cpp.objcpp; path = PolyRenderLights.mm; sourceTree = "<group>"; };
		3D33622E14BF11AB007C8782 /* PolyAnimatorGravity.h */ = {isa = PBXFileReference; fileEncoding = 4; lastKnownFileType = sourcecode.c.h; path = PolyAnimatorGravity.h; sourceTree = "<group>"; };
		3D33622F14BF11AB007C8782 /* PolyAnimatorGravity.mm */ = {isa = PBXFileReference; fileEncoding = 4; lastKnownFileType = sourcecode.cpp.objcpp; path = PolyAnimatorGravity.mm; sourceTree = "<group>"; };
		3D33623114BF2128007C8782 /* PolyInputRandomGenerator.h */ = {isa = PBXFileReference; fileEncoding = 4; lastKnownFileType = sourcecode.c.h; path = PolyInputRandomGenerator.h; sourceTree = "<group>"; };
		3D33623214BF2128007C8782 /* PolyInputRandomGenerator.mm */ = {isa = PBXFileReference; fileEncoding = 4; lastKnownFileType = sourcecode.cpp.objcpp; path = PolyInputRandomGenerator.mm; sourceTree = "<group>"; };
		3D34A1A7146158C80027E291 /* ScriptingBridge.framework */ = {isa = PBXFileReference; lastKnownFileType = wrapper.framework; name = ScriptingBridge.framework; path = SDKs/MacOSX10.6.sdk/System/Library/Frameworks/ScriptingBridge.framework; sourceTree = DEVELOPER_DIR; };
		3D34A1AB146158CE0027E291 /* OpenGL.framework */ = {isa = PBXFileReference; lastKnownFileType = wrapper.framework; name = OpenGL.framework; path = ../../../../../System/Library/Frameworks/OpenGL.framework; sourceTree = "<group>"; };
		3D386C60145EF95C00665327 /* Livingroom.app */ = {isa = PBXFileReference; explicitFileType = wrapper.application; includeInIndex = 0; path = Livingroom.app; sourceTree = BUILT_PRODUCTS_DIR; };
		3D386C64145EF95C00665327 /* Cocoa.framework */ = {isa = PBXFileReference; lastKnownFileType = wrapper.framework; name = Cocoa.framework; path = System/Library/Frameworks/Cocoa.framework; sourceTree = SDKROOT; };
		3D386C67145EF95C00665327 /* AppKit.framework */ = {isa = PBXFileReference; lastKnownFileType = wrapper.framework; name = AppKit.framework; path = System/Library/Frameworks/AppKit.framework; sourceTree = SDKROOT; };
		3D386C68145EF95C00665327 /* CoreData.framework */ = {isa = PBXFileReference; lastKnownFileType = wrapper.framework; name = CoreData.framework; path = System/Library/Frameworks/CoreData.framework; sourceTree = SDKROOT; };
		3D386C69145EF95C00665327 /* Foundation.framework */ = {isa = PBXFileReference; lastKnownFileType = wrapper.framework; name = Foundation.framework; path = System/Library/Frameworks/Foundation.framework; sourceTree = SDKROOT; };
		3D386C6C145EF95C00665327 /* Livingroom-Info.plist */ = {isa = PBXFileReference; lastKnownFileType = text.plist.xml; path = "Livingroom-Info.plist"; sourceTree = "<group>"; };
		3D386C6E145EF95C00665327 /* en */ = {isa = PBXFileReference; lastKnownFileType = text.plist.strings; name = en; path = en.lproj/InfoPlist.strings; sourceTree = "<group>"; };
		3D386C70145EF95C00665327 /* main.m */ = {isa = PBXFileReference; lastKnownFileType = sourcecode.c.objc; path = main.m; sourceTree = "<group>"; };
		3D386C72145EF95C00665327 /* Livingroom-Prefix.pch */ = {isa = PBXFileReference; lastKnownFileType = sourcecode.c.h; path = "Livingroom-Prefix.pch"; sourceTree = "<group>"; };
		3D386C74145EF95C00665327 /* en */ = {isa = PBXFileReference; lastKnownFileType = text.rtf; name = en; path = en.lproj/Credits.rtf; sourceTree = "<group>"; };
		3D386C76145EF95C00665327 /* lrAppDelegate.h */ = {isa = PBXFileReference; lastKnownFileType = sourcecode.c.h; path = lrAppDelegate.h; sourceTree = "<group>"; };
		3D386C77145EF95C00665327 /* lrAppDelegate.mm */ = {isa = PBXFileReference; lastKnownFileType = sourcecode.cpp.objcpp; path = lrAppDelegate.mm; sourceTree = "<group>"; };
		3D386C7A145EF95D00665327 /* en */ = {isa = PBXFileReference; lastKnownFileType = file.xib; name = en; path = en.lproj/MainMenu.xib; sourceTree = "<group>"; };
		3D386C8C145F012200665327 /* Project.xcconfig */ = {isa = PBXFileReference; fileEncoding = 4; lastKnownFileType = text.xcconfig; path = Project.xcconfig; sourceTree = "<group>"; };
		3D67E44D14C5A06D00CB1696 /* Gradient.png */ = {isa = PBXFileReference; lastKnownFileType = image.png; path = Gradient.png; sourceTree = "<group>"; };
		3D8C5FF11497A28500A3CA6D /* OSCControl.h */ = {isa = PBXFileReference; fileEncoding = 4; lastKnownFileType = sourcecode.c.h; path = OSCControl.h; sourceTree = "<group>"; };
		3D8C5FF21497A28500A3CA6D /* OSCControl.mm */ = {isa = PBXFileReference; fileEncoding = 4; lastKnownFileType = sourcecode.cpp.objcpp; path = OSCControl.mm; sourceTree = "<group>"; };
		3D8C5FF31497A28500A3CA6D /* OSCControl.xib */ = {isa = PBXFileReference; fileEncoding = 4; lastKnownFileType = file.xib; path = OSCControl.xib; sourceTree = "<group>"; };
		3D956F98146BFB5200A59811 /* PolyAnimatorSprings.h */ = {isa = PBXFileReference; fileEncoding = 4; lastKnownFileType = sourcecode.c.h; path = PolyAnimatorSprings.h; sourceTree = "<group>"; };
		3D956F99146BFB5200A59811 /* PolyAnimatorSprings.mm */ = {isa = PBXFileReference; fileEncoding = 4; lastKnownFileType = sourcecode.cpp.objcpp; path = PolyAnimatorSprings.mm; sourceTree = "<group>"; };
		3D96D7A8146962BB009DABB9 /* PolyInputSimpleMouseDraw.h */ = {isa = PBXFileReference; fileEncoding = 4; lastKnownFileType = sourcecode.c.h; path = PolyInputSimpleMouseDraw.h; sourceTree = "<group>"; };
		3D96D7A9146962BB009DABB9 /* PolyInputSimpleMouseDraw.mm */ = {isa = PBXFileReference; fileEncoding = 4; lastKnownFileType = sourcecode.cpp.objcpp; path = PolyInputSimpleMouseDraw.mm; sourceTree = "<group>"; };
		3D9715CC148D0A17009A8068 /* ofxCocoaPlugins.framework */ = {isa = PBXFileReference; lastKnownFileType = wrapper.framework; name = ofxCocoaPlugins.framework; path = ofxCocoaPlugins/build/Debug/ofxCocoaPlugins.framework; sourceTree = "<group>"; };
		3D9715CF148D180D009A8068 /* PolyModule.h */ = {isa = PBXFileReference; fileEncoding = 4; lastKnownFileType = sourcecode.c.h; path = PolyModule.h; sourceTree = "<group>"; };
		3D9715D0148D180D009A8068 /* PolyModule.mm */ = {isa = PBXFileReference; fileEncoding = 4; lastKnownFileType = sourcecode.cpp.objcpp; path = PolyModule.mm; sourceTree = "<group>"; };
		3D973A5F14BEE93900FE3CB5 /* Perspective.xib */ = {isa = PBXFileReference; fileEncoding = 4; lastKnownFileType = file.xib; path = Perspective.xib; sourceTree = "<group>"; };
		3D9D181A14BDF03D00DD2093 /* 6943.jpg */ = {isa = PBXFileReference; lastKnownFileType = image.jpeg; path = 6943.jpg; sourceTree = "<group>"; };
		3D9D181D14BDF11A00DD2093 /* ash50x50.jpg */ = {isa = PBXFileReference; lastKnownFileType = image.jpeg; path = ash50x50.jpg; sourceTree = "<group>"; };
		3D9D181F14BDF53900DD2093 /* ash8x8.jpg */ = {isa = PBXFileReference; lastKnownFileType = image.jpeg; path = ash8x8.jpg; sourceTree = "<group>"; };
		3D9E568A14C573A300172EF4 /* colorramp.h */ = {isa = PBXFileReference; fileEncoding = 4; lastKnownFileType = sourcecode.c.h; path = colorramp.h; sourceTree = "<group>"; };
		3D9F6BCD14939029004AEA70 /* PolyAnimatorCrumble.h */ = {isa = PBXFileReference; fileEncoding = 4; lastKnownFileType = sourcecode.c.h; path = PolyAnimatorCrumble.h; sourceTree = "<group>"; };
		3D9F6BCE14939029004AEA70 /* PolyAnimatorCrumble.mm */ = {isa = PBXFileReference; fileEncoding = 4; lastKnownFileType = sourcecode.cpp.objcpp; path = PolyAnimatorCrumble.mm; sourceTree = "<group>"; };
		3DA00420149A11E800EECA9B /* PolyAnimatorPhysics.h */ = {isa = PBXFileReference; fileEncoding = 4; lastKnownFileType = sourcecode.c.h; path = PolyAnimatorPhysics.h; sourceTree = "<group>"; };
		3DA00421149A11E800EECA9B /* PolyAnimatorPhysics.mm */ = {isa = PBXFileReference; fileEncoding = 4; lastKnownFileType = sourcecode.cpp.objcpp; path = PolyAnimatorPhysics.mm; sourceTree = "<group>"; };
		3DAF18CA14B35EEE003B6B81 /* Tracker.h */ = {isa = PBXFileReference; fileEncoding = 4; lastKnownFileType = sourcecode.c.h; path = Tracker.h; sourceTree = "<group>"; };
		3DAF18CB14B35EEE003B6B81 /* Tracker.mm */ = {isa = PBXFileReference; fileEncoding = 4; lastKnownFileType = sourcecode.cpp.objcpp; path = Tracker.mm; sourceTree = "<group>"; };
		3DAF18CC14B35EEE003B6B81 /* Tracker.xib */ = {isa = PBXFileReference; fileEncoding = 4; lastKnownFileType = file.xib; path = Tracker.xib; sourceTree = "<group>"; };
		3DE3C34214B3512800A7E9E0 /* AshParticles.h */ = {isa = PBXFileReference; fileEncoding = 4; lastKnownFileType = sourcecode.c.h; path = AshParticles.h; sourceTree = "<group>"; };
		3DE3C34314B3512800A7E9E0 /* AshParticles.mm */ = {isa = PBXFileReference; fileEncoding = 4; lastKnownFileType = sourcecode.cpp.objcpp; path = AshParticles.mm; sourceTree = "<group>"; };
		3DE3C34414B3512800A7E9E0 /* AshParticles.xib */ = {isa = PBXFileReference; fileEncoding = 4; lastKnownFileType = file.xib; path = AshParticles.xib; sourceTree = "<group>"; };
		3DE3C34D14B35A6F00A7E9E0 /* Body.h */ = {isa = PBXFileReference; fileEncoding = 4; lastKnownFileType = sourcecode.c.h; path = Body.h; sourceTree = "<group>"; };
		3DE3C34E14B35A6F00A7E9E0 /* Particle.h */ = {isa = PBXFileReference; fileEncoding = 4; lastKnownFileType = sourcecode.c.h; path = Particle.h; sourceTree = "<group>"; };
		3DE3C34F14B35A6F00A7E9E0 /* ParticleSystem.cpp */ = {isa = PBXFileReference; fileEncoding = 4; lastKnownFileType = sourcecode.cpp.cpp; path = ParticleSystem.cpp; sourceTree = "<group>"; };
		3DE3C35014B35A6F00A7E9E0 /* ParticleSystem.h */ = {isa = PBXFileReference; fileEncoding = 4; lastKnownFileType = sourcecode.c.h; path = ParticleSystem.h; sourceTree = "<group>"; };
		3DE3C35114B35A6F00A7E9E0 /* Tree.h */ = {isa = PBXFileReference; fileEncoding = 4; lastKnownFileType = sourcecode.c.h; path = Tree.h; sourceTree = "<group>"; };
		3DE87729148E628300F7558C /* PolyNumberProperty.h */ = {isa = PBXFileReference; fileEncoding = 4; lastKnownFileType = sourcecode.c.h; name = PolyNumberProperty.h; path = properties/PolyNumberProperty.h; sourceTree = "<group>"; };
		3DE8772A148E628300F7558C /* PolyNumberProperty.mm */ = {isa = PBXFileReference; fileEncoding = 4; lastKnownFileType = sourcecode.cpp.objcpp; name = PolyNumberProperty.mm; path = properties/PolyNumberProperty.mm; sourceTree = "<group>"; };
		3DF0F51814C6D42D00B1EDED /* Prolog.h */ = {isa = PBXFileReference; fileEncoding = 4; lastKnownFileType = sourcecode.c.h; path = Prolog.h; sourceTree = "<group>"; };
		3DF0F51914C6D42D00B1EDED /* Prolog.mm */ = {isa = PBXFileReference; fileEncoding = 4; lastKnownFileType = sourcecode.cpp.objcpp; path = Prolog.mm; sourceTree = "<group>"; };
		3DF0F51A14C6D42D00B1EDED /* Prolog.xib */ = {isa = PBXFileReference; fileEncoding = 4; lastKnownFileType = file.xib; path = Prolog.xib; sourceTree = "<group>"; };
		7F263731148D33C10055DCFA /* MGRecessedPopUpButtonCell.h */ = {isa = PBXFileReference; fileEncoding = 4; lastKnownFileType = sourcecode.c.h; path = MGRecessedPopUpButtonCell.h; sourceTree = "<group>"; };
		7F263732148D33C10055DCFA /* MGRecessedPopUpButtonCell.m */ = {isa = PBXFileReference; fileEncoding = 4; lastKnownFileType = sourcecode.c.objc; path = MGRecessedPopUpButtonCell.m; sourceTree = "<group>"; };
		7F263733148D33C10055DCFA /* MGScopeBar.h */ = {isa = PBXFileReference; fileEncoding = 4; lastKnownFileType = sourcecode.c.h; path = MGScopeBar.h; sourceTree = "<group>"; };
		7F263734148D33C10055DCFA /* MGScopeBar.m */ = {isa = PBXFileReference; fileEncoding = 4; lastKnownFileType = sourcecode.c.objc; path = MGScopeBar.m; sourceTree = "<group>"; };
		7F263739148D33C10055DCFA /* MGScopeBarDelegateProtocol.h */ = {isa = PBXFileReference; fileEncoding = 4; lastKnownFileType = sourcecode.c.h; path = MGScopeBarDelegateProtocol.h; sourceTree = "<group>"; };
		7F26373A148D33C10055DCFA /* ReadMe.txt */ = {isa = PBXFileReference; fileEncoding = 4; lastKnownFileType = text; path = ReadMe.txt; sourceTree = "<group>"; };
		7F26373B148D33C10055DCFA /* Source Code License.rtf */ = {isa = PBXFileReference; fileEncoding = 4; lastKnownFileType = text.rtf; path = "Source Code License.rtf"; sourceTree = "<group>"; };
		7F26373C148D33C10055DCFA /* TODO */ = {isa = PBXFileReference; fileEncoding = 4; lastKnownFileType = text; path = TODO; sourceTree = "<group>"; };
		7F287D93146AAE0D007E8346 /* PolyDataTraits.h */ = {isa = PBXFileReference; fileEncoding = 4; lastKnownFileType = sourcecode.c.h; path = PolyDataTraits.h; sourceTree = "<group>"; };
		7F287D94146ABCE7007E8346 /* PolyDataObserver.h */ = {isa = PBXFileReference; fileEncoding = 4; lastKnownFileType = sourcecode.c.h; path = PolyDataObserver.h; sourceTree = "<group>"; };
		7F462707149511F60095786B /* install.xml */ = {isa = PBXFileReference; fileEncoding = 4; lastKnownFileType = text.xml; path = install.xml; sourceTree = "<group>"; };
		7F46270A149511F60095786B /* model3DS.cpp */ = {isa = PBXFileReference; fileEncoding = 4; lastKnownFileType = sourcecode.cpp.cpp; path = model3DS.cpp; sourceTree = "<group>"; };
		7F46270B149511F60095786B /* model3DS.h */ = {isa = PBXFileReference; fileEncoding = 4; lastKnownFileType = sourcecode.c.h; path = model3DS.h; sourceTree = "<group>"; };
		7F46270C149511F60095786B /* texture3DS.cpp */ = {isa = PBXFileReference; fileEncoding = 4; lastKnownFileType = sourcecode.cpp.cpp; path = texture3DS.cpp; sourceTree = "<group>"; };
		7F46270D149511F60095786B /* texture3DS.h */ = {isa = PBXFileReference; fileEncoding = 4; lastKnownFileType = sourcecode.c.h; path = texture3DS.h; sourceTree = "<group>"; };
		7F46270E149511F60095786B /* Vector3DS.h */ = {isa = PBXFileReference; fileEncoding = 4; lastKnownFileType = sourcecode.c.h; path = Vector3DS.h; sourceTree = "<group>"; };
		7F46270F149511F60095786B /* ofx3DBaseLoader.h */ = {isa = PBXFileReference; fileEncoding = 4; lastKnownFileType = sourcecode.c.h; path = ofx3DBaseLoader.h; sourceTree = "<group>"; };
		7F462710149511F60095786B /* ofx3dModelLoader.cpp */ = {isa = PBXFileReference; fileEncoding = 4; lastKnownFileType = sourcecode.cpp.cpp; path = ofx3dModelLoader.cpp; sourceTree = "<group>"; };
		7F462711149511F60095786B /* ofx3DModelLoader.h */ = {isa = PBXFileReference; fileEncoding = 4; lastKnownFileType = sourcecode.c.h; path = ofx3DModelLoader.h; sourceTree = "<group>"; };
		7F6D5759146BFEE8006F8CF0 /* PolyAnimatorCracks.h */ = {isa = PBXFileReference; fileEncoding = 4; lastKnownFileType = sourcecode.c.h; path = PolyAnimatorCracks.h; sourceTree = "<group>"; };
		7F6D575A146BFEE8006F8CF0 /* PolyAnimatorCracks.mm */ = {isa = PBXFileReference; fileEncoding = 4; lastKnownFileType = sourcecode.cpp.objcpp; path = PolyAnimatorCracks.mm; sourceTree = "<group>"; };
		7F6D5776146C0F90006F8CF0 /* PolyRenderCrackLines.h */ = {isa = PBXFileReference; fileEncoding = 4; lastKnownFileType = sourcecode.c.h; path = PolyRenderCrackLines.h; sourceTree = "<group>"; };
		7F6D5777146C0F91006F8CF0 /* PolyRenderCrackLines.mm */ = {isa = PBXFileReference; fileEncoding = 4; lastKnownFileType = sourcecode.cpp.objcpp; path = PolyRenderCrackLines.mm; sourceTree = "<group>"; };
		7FE39E791495023C00EFA4CB /* Perspective.h */ = {isa = PBXFileReference; fileEncoding = 4; lastKnownFileType = sourcecode.c.h; path = Perspective.h; sourceTree = "<group>"; };
		7FE39E7A1495023C00EFA4CB /* Perspective.mm */ = {isa = PBXFileReference; fileEncoding = 4; lastKnownFileType = sourcecode.cpp.objcpp; path = Perspective.mm; sourceTree = "<group>"; };
/* End PBXFileReference section */

/* Begin PBXFrameworksBuildPhase section */
		3D386C5D145EF95C00665327 /* Frameworks */ = {
			isa = PBXFrameworksBuildPhase;
			buildActionMask = 2147483647;
			files = (
				3D386C65145EF95C00665327 /* Cocoa.framework in Frameworks */,
				3D34A1A8146158C80027E291 /* ScriptingBridge.framework in Frameworks */,
				3D34A1AC146158CE0027E291 /* OpenGL.framework in Frameworks */,
				3D9715CD148D0A17009A8068 /* ofxCocoaPlugins.framework in Frameworks */,
			);
			runOnlyForDeploymentPostprocessing = 0;
		};
/* End PBXFrameworksBuildPhase section */

/* Begin PBXGroup section */
		3D07197414693DDC0057E0B9 /* PolyEngine */ = {
			isa = PBXGroup;
			children = (
				3D071995146942090057E0B9 /* animators */,
				3D071996146942090057E0B9 /* inputs */,
				3D071997146942090057E0B9 /* renders */,
				3D071985146941D60057E0B9 /* core */,
				3D07198414693F930057E0B9 /* PolyInclude.h */,
			);
			path = PolyEngine;
			sourceTree = "<group>";
		};
		3D071985146941D60057E0B9 /* core */ = {
			isa = PBXGroup;
			children = (
				3D07198A146941D60057E0B9 /* PolyEngine.h */,
				3D07198B146941D60057E0B9 /* PolyEngine.mm */,
				3D071988146941D60057E0B9 /* PolyArrangement.h */,
				3D071989146941D60057E0B9 /* PolyArrangement.mm */,
				3D9715CF148D180D009A8068 /* PolyModule.h */,
				3D9715D0148D180D009A8068 /* PolyModule.mm */,
				3D071986146941D60057E0B9 /* PolyAnimator.h */,
				3D071987146941D60057E0B9 /* PolyAnimator.mm */,
				3D07198C146941D60057E0B9 /* PolyInput.h */,
				3D07198D146941D60057E0B9 /* PolyInput.mm */,
				3D07198E146941D60057E0B9 /* PolyRender.h */,
				3D07198F146941D60057E0B9 /* PolyRender.mm */,
				7F287D93146AAE0D007E8346 /* PolyDataTraits.h */,
				7F287D94146ABCE7007E8346 /* PolyDataObserver.h */,
				3DE87729148E628300F7558C /* PolyNumberProperty.h */,
				3DE8772A148E628300F7558C /* PolyNumberProperty.mm */,
				3D100A2D14927AAD0067A46E /* CGALEnumerator.h */,
				3D100A2E14927AAD0067A46E /* CGALEnumerator.mm */,
			);
			path = core;
			sourceTree = "<group>";
		};
		3D071995146942090057E0B9 /* animators */ = {
			isa = PBXGroup;
			children = (
				3DA00420149A11E800EECA9B /* PolyAnimatorPhysics.h */,
				3DA00421149A11E800EECA9B /* PolyAnimatorPhysics.mm */,
				3D9F6BCD14939029004AEA70 /* PolyAnimatorCrumble.h */,
				3D9F6BCE14939029004AEA70 /* PolyAnimatorCrumble.mm */,
				3D16C0A4146AEC9800718ADC /* PolyAnimatorSimplePushPop.h */,
				3D16C0A5146AEC9800718ADC /* PolyAnimatorSimplePushPop.mm */,
				7F6D5759146BFEE8006F8CF0 /* PolyAnimatorCracks.h */,
				7F6D575A146BFEE8006F8CF0 /* PolyAnimatorCracks.mm */,
				3D956F98146BFB5200A59811 /* PolyAnimatorSprings.h */,
				3D956F99146BFB5200A59811 /* PolyAnimatorSprings.mm */,
				3D33622E14BF11AB007C8782 /* PolyAnimatorGravity.h */,
				3D33622F14BF11AB007C8782 /* PolyAnimatorGravity.mm */,
			);
			name = animators;
			path = Livingroom/Plugins/PolygonWorld/PolyEngine/animators;
			sourceTree = SOURCE_ROOT;
		};
		3D071996146942090057E0B9 /* inputs */ = {
			isa = PBXGroup;
			children = (
				3D96D7A8146962BB009DABB9 /* PolyInputSimpleMouseDraw.h */,
				3D96D7A9146962BB009DABB9 /* PolyInputSimpleMouseDraw.mm */,
				3D1E7087149257360040822A /* PolyInputTracker.h */,
				3D1E7088149257360040822A /* PolyInputTracker.mm */,
				3D33623114BF2128007C8782 /* PolyInputRandomGenerator.h */,
				3D33623214BF2128007C8782 /* PolyInputRandomGenerator.mm */,
			);
			name = inputs;
			path = Livingroom/Plugins/PolygonWorld/PolyEngine/inputs;
			sourceTree = SOURCE_ROOT;
		};
		3D071997146942090057E0B9 /* renders */ = {
			isa = PBXGroup;
			children = (
				3D0719981469423E0057E0B9 /* PolyRenderSimpleWireframe.h */,
				3D0719991469423E0057E0B9 /* PolyRenderSimpleWireframe.mm */,
				7F6D5776146C0F90006F8CF0 /* PolyRenderCrackLines.h */,
				7F6D5777146C0F91006F8CF0 /* PolyRenderCrackLines.mm */,
				3D33622A14BF0FBB007C8782 /* PolyRenderLights.h */,
				3D33622B14BF0FBB007C8782 /* PolyRenderLights.mm */,
			);
			name = renders;
			path = Livingroom/Plugins/PolygonWorld/PolyEngine/renders;
			sourceTree = SOURCE_ROOT;
		};
		3D2FC2381462FE3E0028BC01 /* Plugins */ = {
			isa = PBXGroup;
			children = (
				3DF0F51614C6D42300B1EDED /* Prolog */,
				3DAF18C814B35EE7003B6B81 /* Tracker */,
				3D8C5FF01497A28500A3CA6D /* OSCControl */,
				3DE3C34114B3511E00A7E9E0 /* AshParticles */,
				7FE39E781495023C00EFA4CB /* Perspective */,
				3D2FC2391462FE3E0028BC01 /* PolygonWorld */,
			);
			name = Plugins;
			path = Livingroom/Plugins;
			sourceTree = "<group>";
		};
		3D2FC2391462FE3E0028BC01 /* PolygonWorld */ = {
			isa = PBXGroup;
			children = (
				3D07197414693DDC0057E0B9 /* PolyEngine */,
				3D2FC23A1462FEDC0028BC01 /* PolygonWorld.h */,
				3D2FC23B1462FEDC0028BC01 /* PolygonWorld.mm */,
				3D9E568714C5739000172EF4 /* Colorshift */,
				3D2FC23C1462FEDC0028BC01 /* PolygonWorld.xib */,
			);
			path = PolygonWorld;
			sourceTree = "<group>";
		};
		3D386C55145EF95C00665327 = {
			isa = PBXGroup;
			children = (
				3D386C8C145F012200665327 /* Project.xcconfig */,
				3D2FC2381462FE3E0028BC01 /* Plugins */,
				3D9D181914BDF03D00DD2093 /* Resources */,
				3D386C6A145EF95C00665327 /* Livingroom */,
				3D8C5FEF149799C200A3CA6D /* Addons */,
				3D386C63145EF95C00665327 /* Frameworks */,
				3D386C61145EF95C00665327 /* Products */,
			);
			sourceTree = "<group>";
		};
		3D386C61145EF95C00665327 /* Products */ = {
			isa = PBXGroup;
			children = (
				3D386C60145EF95C00665327 /* Livingroom.app */,
			);
			name = Products;
			sourceTree = "<group>";
		};
		3D386C63145EF95C00665327 /* Frameworks */ = {
			isa = PBXGroup;
			children = (
				7F26371F148D33C10055DCFA /* MGScopeBar */,
				3D9715CC148D0A17009A8068 /* ofxCocoaPlugins.framework */,
				3D386C64145EF95C00665327 /* Cocoa.framework */,
				3D386C66145EF95C00665327 /* Other Frameworks */,
			);
			name = Frameworks;
			sourceTree = "<group>";
		};
		3D386C66145EF95C00665327 /* Other Frameworks */ = {
			isa = PBXGroup;
			children = (
				3D34A1AB146158CE0027E291 /* OpenGL.framework */,
				3D34A1A7146158C80027E291 /* ScriptingBridge.framework */,
				3D386C67145EF95C00665327 /* AppKit.framework */,
				3D386C68145EF95C00665327 /* CoreData.framework */,
				3D386C69145EF95C00665327 /* Foundation.framework */,
			);
			name = "Other Frameworks";
			sourceTree = "<group>";
		};
		3D386C6A145EF95C00665327 /* Livingroom */ = {
			isa = PBXGroup;
			children = (
				3D386C76145EF95C00665327 /* lrAppDelegate.h */,
				3D386C77145EF95C00665327 /* lrAppDelegate.mm */,
				3D386C79145EF95D00665327 /* MainMenu.xib */,
				3D386C6B145EF95C00665327 /* Supporting Files */,
			);
			path = Livingroom;
			sourceTree = "<group>";
		};
		3D386C6B145EF95C00665327 /* Supporting Files */ = {
			isa = PBXGroup;
			children = (
				3D386C6C145EF95C00665327 /* Livingroom-Info.plist */,
				3D386C6D145EF95C00665327 /* InfoPlist.strings */,
				3D386C70145EF95C00665327 /* main.m */,
				3D386C72145EF95C00665327 /* Livingroom-Prefix.pch */,
				3D386C73145EF95C00665327 /* Credits.rtf */,
			);
			name = "Supporting Files";
			sourceTree = "<group>";
		};
		3D8C5FEF149799C200A3CA6D /* Addons */ = {
			isa = PBXGroup;
			children = (
				7F462706149511F60095786B /* ofx3DModelLoader */,
			);
			name = Addons;
			sourceTree = "<group>";
		};
		3D8C5FF01497A28500A3CA6D /* OSCControl */ = {
			isa = PBXGroup;
			children = (
				3D8C5FF11497A28500A3CA6D /* OSCControl.h */,
				3D8C5FF21497A28500A3CA6D /* OSCControl.mm */,
				3D8C5FF31497A28500A3CA6D /* OSCControl.xib */,
			);
			path = OSCControl;
			sourceTree = "<group>";
		};
		3D9D181914BDF03D00DD2093 /* Resources */ = {
			isa = PBXGroup;
			children = (
				3D67E44D14C5A06D00CB1696 /* Gradient.png */,
				3D9D181F14BDF53900DD2093 /* ash8x8.jpg */,
				3D9D181D14BDF11A00DD2093 /* ash50x50.jpg */,
				3D9D181A14BDF03D00DD2093 /* 6943.jpg */,
			);
			path = Resources;
			sourceTree = "<group>";
		};
		3D9E568714C5739000172EF4 /* Colorshift */ = {
			isa = PBXGroup;
			children = (
				3D9E568A14C573A300172EF4 /* colorramp.h */,
			);
			name = Colorshift;
			sourceTree = "<group>";
		};
		3DAF18C814B35EE7003B6B81 /* Tracker */ = {
			isa = PBXGroup;
			children = (
				3DAF18CA14B35EEE003B6B81 /* Tracker.h */,
				3DAF18CB14B35EEE003B6B81 /* Tracker.mm */,
				3DAF18CC14B35EEE003B6B81 /* Tracker.xib */,
			);
			path = Tracker;
			sourceTree = "<group>";
		};
		3DE3C34114B3511E00A7E9E0 /* AshParticles */ = {
			isa = PBXGroup;
			children = (
				3DE3C34D14B35A6F00A7E9E0 /* Body.h */,
				3DE3C34E14B35A6F00A7E9E0 /* Particle.h */,
				3DE3C34F14B35A6F00A7E9E0 /* ParticleSystem.cpp */,
				3DE3C35014B35A6F00A7E9E0 /* ParticleSystem.h */,
				3DE3C35114B35A6F00A7E9E0 /* Tree.h */,
				3DE3C34214B3512800A7E9E0 /* AshParticles.h */,
				3DE3C34314B3512800A7E9E0 /* AshParticles.mm */,
				3DE3C34414B3512800A7E9E0 /* AshParticles.xib */,
			);
			path = AshParticles;
			sourceTree = "<group>";
		};
		3DF0F51614C6D42300B1EDED /* Prolog */ = {
			isa = PBXGroup;
			children = (
				3DF0F51814C6D42D00B1EDED /* Prolog.h */,
				3DF0F51914C6D42D00B1EDED /* Prolog.mm */,
				3DF0F51A14C6D42D00B1EDED /* Prolog.xib */,
			);
			path = Prolog;
			sourceTree = "<group>";
		};
		7F26371F148D33C10055DCFA /* MGScopeBar */ = {
			isa = PBXGroup;
			children = (
				7F263731148D33C10055DCFA /* MGRecessedPopUpButtonCell.h */,
				7F263732148D33C10055DCFA /* MGRecessedPopUpButtonCell.m */,
				7F263733148D33C10055DCFA /* MGScopeBar.h */,
				7F263734148D33C10055DCFA /* MGScopeBar.m */,
				7F263739148D33C10055DCFA /* MGScopeBarDelegateProtocol.h */,
				7F26373A148D33C10055DCFA /* ReadMe.txt */,
				7F26373B148D33C10055DCFA /* Source Code License.rtf */,
				7F26373C148D33C10055DCFA /* TODO */,
			);
			path = MGScopeBar;
			sourceTree = "<group>";
		};
		7F462706149511F60095786B /* ofx3DModelLoader */ = {
			isa = PBXGroup;
			children = (
				7F462707149511F60095786B /* install.xml */,
				7F462708149511F60095786B /* src */,
			);
			name = ofx3DModelLoader;
			path = ofxCocoaPlugins/ofxCocoaPlugins/libs/openframeworks/addons/ofx3DModelLoader;
			sourceTree = "<group>";
		};
		7F462708149511F60095786B /* src */ = {
			isa = PBXGroup;
			children = (
				7F462709149511F60095786B /* 3DS */,
				7F46270F149511F60095786B /* ofx3DBaseLoader.h */,
				7F462710149511F60095786B /* ofx3dModelLoader.cpp */,
				7F462711149511F60095786B /* ofx3DModelLoader.h */,
			);
			path = src;
			sourceTree = "<group>";
		};
		7F462709149511F60095786B /* 3DS */ = {
			isa = PBXGroup;
			children = (
				7F46270A149511F60095786B /* model3DS.cpp */,
				7F46270B149511F60095786B /* model3DS.h */,
				7F46270C149511F60095786B /* texture3DS.cpp */,
				7F46270D149511F60095786B /* texture3DS.h */,
				7F46270E149511F60095786B /* Vector3DS.h */,
			);
			path = 3DS;
			sourceTree = "<group>";
		};
		7FE39E781495023C00EFA4CB /* Perspective */ = {
			isa = PBXGroup;
			children = (
				3D973A5F14BEE93900FE3CB5 /* Perspective.xib */,
				7FE39E791495023C00EFA4CB /* Perspective.h */,
				7FE39E7A1495023C00EFA4CB /* Perspective.mm */,
			);
			path = Perspective;
			sourceTree = "<group>";
		};
/* End PBXGroup section */

/* Begin PBXNativeTarget section */
		3D386C5F145EF95C00665327 /* Livingroom */ = {
			isa = PBXNativeTarget;
			buildConfigurationList = 3D386C7E145EF95D00665327 /* Build configuration list for PBXNativeTarget "Livingroom" */;
			buildPhases = (
				3D386C5C145EF95C00665327 /* Sources */,
				3D386C5D145EF95C00665327 /* Frameworks */,
				3D386C5E145EF95C00665327 /* Resources */,
				3D386CA9145F02F800665327 /* Copy Files (Framework) */,
			);
			buildRules = (
			);
			dependencies = (
			);
			name = Livingroom;
			productName = Livingroom;
			productReference = 3D386C60145EF95C00665327 /* Livingroom.app */;
			productType = "com.apple.product-type.application";
		};
/* End PBXNativeTarget section */

/* Begin PBXProject section */
		3D386C57145EF95C00665327 /* Project object */ = {
			isa = PBXProject;
			attributes = {
				LastUpgradeCheck = 0420;
			};
			buildConfigurationList = 3D386C5A145EF95C00665327 /* Build configuration list for PBXProject "Livingroom" */;
			compatibilityVersion = "Xcode 3.2";
			developmentRegion = English;
			hasScannedForEncodings = 0;
			knownRegions = (
				en,
				English,
			);
			mainGroup = 3D386C55145EF95C00665327;
			productRefGroup = 3D386C61145EF95C00665327 /* Products */;
			projectDirPath = "";
			projectRoot = "";
			targets = (
				3D386C5F145EF95C00665327 /* Livingroom */,
			);
		};
/* End PBXProject section */

/* Begin PBXResourcesBuildPhase section */
		3D386C5E145EF95C00665327 /* Resources */ = {
			isa = PBXResourcesBuildPhase;
			buildActionMask = 2147483647;
			files = (
				3D386C6F145EF95C00665327 /* InfoPlist.strings in Resources */,
				3D386C75145EF95C00665327 /* Credits.rtf in Resources */,
				3D386C7B145EF95D00665327 /* MainMenu.xib in Resources */,
				3D386C8D145F012200665327 /* Project.xcconfig in Resources */,
				3D2FC23E1462FEDC0028BC01 /* PolygonWorld.xib in Resources */,
				7F26374D148D33C10055DCFA /* ReadMe.txt in Resources */,
				7F26374E148D33C10055DCFA /* Source Code License.rtf in Resources */,
				7F26374F148D33C10055DCFA /* TODO in Resources */,
				7F462712149511F60095786B /* install.xml in Resources */,
				3D8C5FF51497A28500A3CA6D /* OSCControl.xib in Resources */,
				3DE3C34614B3512800A7E9E0 /* AshParticles.xib in Resources */,
				3DAF18CE14B35EEE003B6B81 /* Tracker.xib in Resources */,
				3D9D181B14BDF03D00DD2093 /* 6943.jpg in Resources */,
				3D9D181E14BDF11A00DD2093 /* ash50x50.jpg in Resources */,
				3D9D182014BDF53900DD2093 /* ash8x8.jpg in Resources */,
				3D973A6014BEE93900FE3CB5 /* Perspective.xib in Resources */,
				3D67E44E14C5A06D00CB1696 /* Gradient.png in Resources */,
				3DF0F51C14C6D42D00B1EDED /* Prolog.xib in Resources */,
			);
			runOnlyForDeploymentPostprocessing = 0;
		};
/* End PBXResourcesBuildPhase section */

/* Begin PBXSourcesBuildPhase section */
		3D386C5C145EF95C00665327 /* Sources */ = {
			isa = PBXSourcesBuildPhase;
			buildActionMask = 2147483647;
			files = (
				3D386C71145EF95C00665327 /* main.m in Sources */,
				3D386C78145EF95C00665327 /* lrAppDelegate.mm in Sources */,
				3D2FC23D1462FEDC0028BC01 /* PolygonWorld.mm in Sources */,
				3D071990146941D60057E0B9 /* PolyAnimator.mm in Sources */,
				3D071991146941D60057E0B9 /* PolyArrangement.mm in Sources */,
				3D071992146941D60057E0B9 /* PolyEngine.mm in Sources */,
				3D071993146941D60057E0B9 /* PolyInput.mm in Sources */,
				3D071994146941D60057E0B9 /* PolyRender.mm in Sources */,
				3D07199A1469423E0057E0B9 /* PolyRenderSimpleWireframe.mm in Sources */,
				3D96D7AA146962BB009DABB9 /* PolyInputSimpleMouseDraw.mm in Sources */,
				3D16C0A6146AEC9800718ADC /* PolyAnimatorSimplePushPop.mm in Sources */,
				7F6D575B146BFEE8006F8CF0 /* PolyAnimatorCracks.mm in Sources */,
				3D956F9A146BFB5200A59811 /* PolyAnimatorSprings.mm in Sources */,
				7F6D5778146C0F91006F8CF0 /* PolyRenderCrackLines.mm in Sources */,
				3D9715D1148D180D009A8068 /* PolyModule.mm in Sources */,
				7F26374B148D33C10055DCFA /* MGRecessedPopUpButtonCell.m in Sources */,
				7F26374C148D33C10055DCFA /* MGScopeBar.m in Sources */,
				3DE8772B148E628300F7558C /* PolyNumberProperty.mm in Sources */,
				3D1E7089149257360040822A /* PolyInputTracker.mm in Sources */,
				3D100A2F14927AAD0067A46E /* CGALEnumerator.mm in Sources */,
				3D9F6BCF14939029004AEA70 /* PolyAnimatorCrumble.mm in Sources */,
				7FE39E7B1495023C00EFA4CB /* Perspective.mm in Sources */,
				7F462713149511F60095786B /* model3DS.cpp in Sources */,
				7F462714149511F60095786B /* texture3DS.cpp in Sources */,
				7F462715149511F60095786B /* ofx3dModelLoader.cpp in Sources */,
				3D8C5FF41497A28500A3CA6D /* OSCControl.mm in Sources */,
				3DA00422149A11E900EECA9B /* PolyAnimatorPhysics.mm in Sources */,
				3DE3C34514B3512800A7E9E0 /* AshParticles.mm in Sources */,
				3DE3C35214B35A6F00A7E9E0 /* ParticleSystem.cpp in Sources */,
				3DAF18CD14B35EEE003B6B81 /* Tracker.mm in Sources */,
				3D33622C14BF0FBB007C8782 /* PolyRenderLights.mm in Sources */,
				3D33623014BF11AB007C8782 /* PolyAnimatorGravity.mm in Sources */,
				3D33623314BF2129007C8782 /* PolyInputRandomGenerator.mm in Sources */,
				3DF0F51B14C6D42D00B1EDED /* Prolog.mm in Sources */,
			);
			runOnlyForDeploymentPostprocessing = 0;
		};
/* End PBXSourcesBuildPhase section */

/* Begin PBXVariantGroup section */
		3D386C6D145EF95C00665327 /* InfoPlist.strings */ = {
			isa = PBXVariantGroup;
			children = (
				3D386C6E145EF95C00665327 /* en */,
			);
			name = InfoPlist.strings;
			sourceTree = "<group>";
		};
		3D386C73145EF95C00665327 /* Credits.rtf */ = {
			isa = PBXVariantGroup;
			children = (
				3D386C74145EF95C00665327 /* en */,
			);
			name = Credits.rtf;
			sourceTree = "<group>";
		};
		3D386C79145EF95D00665327 /* MainMenu.xib */ = {
			isa = PBXVariantGroup;
			children = (
				3D386C7A145EF95D00665327 /* en */,
			);
			name = MainMenu.xib;
			sourceTree = "<group>";
		};
/* End PBXVariantGroup section */

/* Begin XCBuildConfiguration section */
		3D386C7C145EF95D00665327 /* Debug */ = {
			isa = XCBuildConfiguration;
			baseConfigurationReference = 3D386C8C145F012200665327 /* Project.xcconfig */;
			buildSettings = {
				ALWAYS_SEARCH_USER_PATHS = NO;
				ARCHS = "$(ARCHS_STANDARD_32_BIT)";
				CLANG_ENABLE_OBJC_ARC = NO;
				COPY_PHASE_STRIP = NO;
				ENABLE_OPENMP_SUPPORT = NO;
				GCC_C_LANGUAGE_STANDARD = "compiler-default";
				GCC_DYNAMIC_NO_PIC = NO;
				GCC_ENABLE_OBJC_EXCEPTIONS = YES;
				GCC_ENABLE_OBJC_GC = required;
				GCC_ENABLE_SSE3_EXTENSIONS = YES;
				GCC_ENABLE_SUPPLEMENTAL_SSE3_INSTRUCTIONS = YES;
				GCC_OPTIMIZATION_LEVEL = 0;
				GCC_PREPROCESSOR_DEFINITIONS = (
					"DEBUG=1",
					"$(inherited)",
				);
				GCC_SYMBOLS_PRIVATE_EXTERN = NO;
				GCC_VERSION = "";
				GCC_WARN_64_TO_32_BIT_CONVERSION = YES;
				GCC_WARN_ABOUT_MISSING_PROTOTYPES = YES;
				GCC_WARN_ABOUT_RETURN_TYPE = YES;
				GCC_WARN_UNUSED_VARIABLE = YES;
				MACOSX_DEPLOYMENT_TARGET = 10.7;
				ONLY_ACTIVE_ARCH = NO;
				OTHER_CPLUSPLUSFLAGS = "$(OTHER_CFLAGS)";
				OTHER_LDFLAGS = "$(OF_CORE_LIBS)";
				SDKROOT = macosx;
			};
			name = Debug;
		};
		3D386C7D145EF95D00665327 /* Release */ = {
			isa = XCBuildConfiguration;
			baseConfigurationReference = 3D386C8C145F012200665327 /* Project.xcconfig */;
			buildSettings = {
				ALWAYS_SEARCH_USER_PATHS = NO;
				ARCHS = "$(ARCHS_STANDARD_32_BIT)";
				CLANG_ENABLE_OBJC_ARC = NO;
				COPY_PHASE_STRIP = YES;
				DEBUG_INFORMATION_FORMAT = "dwarf-with-dsym";
				ENABLE_OPENMP_SUPPORT = NO;
				GCC_C_LANGUAGE_STANDARD = "compiler-default";
				GCC_ENABLE_OBJC_EXCEPTIONS = YES;
				GCC_ENABLE_OBJC_GC = required;
				GCC_ENABLE_SSE3_EXTENSIONS = YES;
				GCC_ENABLE_SUPPLEMENTAL_SSE3_INSTRUCTIONS = YES;
				GCC_VERSION = "";
				GCC_WARN_64_TO_32_BIT_CONVERSION = YES;
				GCC_WARN_ABOUT_MISSING_PROTOTYPES = YES;
				GCC_WARN_ABOUT_RETURN_TYPE = YES;
				GCC_WARN_UNUSED_VARIABLE = YES;
				MACOSX_DEPLOYMENT_TARGET = 10.7;
				ONLY_ACTIVE_ARCH = NO;
				OTHER_CPLUSPLUSFLAGS = "$(OTHER_CFLAGS)";
				OTHER_LDFLAGS = "$(OF_CORE_LIBS)";
				SDKROOT = macosx;
			};
			name = Release;
		};
		3D386C7F145EF95D00665327 /* Debug */ = {
			isa = XCBuildConfiguration;
			buildSettings = {
				CLANG_WARN_CXX0X_EXTENSIONS = NO;
				FRAMEWORK_SEARCH_PATHS = (
					"$(inherited)",
					"\"$(SRCROOT)/ofxCocoaPlugins/build/Debug\"",
					"\"$(SRCROOT)/Livingroom/Plugins/OSCControl\"",
				);
				GCC_INLINES_ARE_PRIVATE_EXTERN = NO;
				GCC_PRECOMPILE_PREFIX_HEADER = NO;
				GCC_PREFIX_HEADER = "";
				HEADER_SEARCH_PATHS = (
					"$(inherited)",
					/opt/local/include,
					/usr/local/include,
				);
				INFOPLIST_FILE = "Livingroom/Livingroom-Info.plist";
				LIBRARY_SEARCH_PATHS = (
					/usr/local/lib,
					/opt/local/lib,
					"$(inherited)",
					"\"$(SRCROOT)/ofxCocoaPlugins/ofxCocoaPlugins/libs/openframeworks/addons/ofxOpenCv/libs/opencv/lib/osx\"",
					"\"$(SRCROOT)/ofxCocoaPlugins/ofxCocoaPlugins/libs/openframeworks/addons/ofxOpenCv/libs/opencv/lib/android/armeabi\"",
					"\"$(SRCROOT)/ofxCocoaPlugins/ofxCocoaPlugins/libs/openframeworks/addons/ofxOpenCv/libs/opencv/lib/android/armeabi-v7a\"",
					"\"$(SRCROOT)/ofxCocoaPlugins/ofxCocoaPlugins/libs/openframeworks/addons/ofxOpenCv/libs/opencv/lib/iphone\"",
					"\"$(SRCROOT)/ofxCocoaPlugins/ofxCocoaPlugins/libs/openframeworks/addons/ofxOpenCv/libs/opencv/lib/linux\"",
					"\"$(SRCROOT)/ofxCocoaPlugins/ofxCocoaPlugins/libs/openframeworks/addons/ofxOpenCv/libs/opencv/lib/linux64\"",
					"\"$(SRCROOT)/ofxCocoaPlugins/ofxCocoaPlugins/libs/openframeworks/addons/ofxOpenCv/libs/opencv/lib/vs2010\"",
					"\"$(SRCROOT)/ofxCocoaPlugins/ofxCocoaPlugins/libs/openframeworks/addons/ofxOpenCv/libs/opencv/lib/win_cb\"",
				);
				ONLY_ACTIVE_ARCH = NO;
				OTHER_LDFLAGS = (
					"-Wl,-search_paths_first",
					"-Wl,-headerpad_max_install_names",
					/usr/local/lib/libCGAL.dylib,
					/opt/local/lib/libgmpxx.dylib,
					/opt/local/lib/libmpfr.dylib,
					/opt/local/lib/libgmp.dylib,
					"/opt/local/lib/libboost_thread-mt.dylib",
					/usr/local/lib/libCGAL.dylib,
					/opt/local/lib/libgmpxx.dylib,
					/opt/local/lib/libmpfr.dylib,
					/opt/local/lib/libgmp.dylib,
					"/opt/local/lib/libboost_thread-mt.dylib",
					"$(OF_CORE_LIBS)",
				);
				PRODUCT_NAME = "$(TARGET_NAME)";
				SDKROOT = macosx10.7;
				WRAPPER_EXTENSION = app;
			};
			name = Debug;
		};
		3D386C80145EF95D00665327 /* Release */ = {
			isa = XCBuildConfiguration;
			buildSettings = {
				CLANG_WARN_CXX0X_EXTENSIONS = NO;
				FRAMEWORK_SEARCH_PATHS = (
					"$(inherited)",
					"\"$(SRCROOT)/ofxCocoaPlugins/build/Debug\"",
					"\"$(SRCROOT)/Livingroom/Plugins/OSCControl\"",
				);
				GCC_INLINES_ARE_PRIVATE_EXTERN = NO;
				GCC_PRECOMPILE_PREFIX_HEADER = NO;
				GCC_PREFIX_HEADER = "";
				GCC_SYMBOLS_PRIVATE_EXTERN = NO;
				HEADER_SEARCH_PATHS = (
					"$(inherited)",
					/opt/local/include,
					/usr/local/include,
				);
				INFOPLIST_FILE = "Livingroom/Livingroom-Info.plist";
				LIBRARY_SEARCH_PATHS = (
					/usr/local/lib,
					/opt/local/lib,
					"$(inherited)",
					"\"$(SRCROOT)/ofxCocoaPlugins/ofxCocoaPlugins/libs/openframeworks/addons/ofxOpenCv/libs/opencv/lib/osx\"",
					"\"$(SRCROOT)/ofxCocoaPlugins/ofxCocoaPlugins/libs/openframeworks/addons/ofxOpenCv/libs/opencv/lib/android/armeabi\"",
					"\"$(SRCROOT)/ofxCocoaPlugins/ofxCocoaPlugins/libs/openframeworks/addons/ofxOpenCv/libs/opencv/lib/android/armeabi-v7a\"",
					"\"$(SRCROOT)/ofxCocoaPlugins/ofxCocoaPlugins/libs/openframeworks/addons/ofxOpenCv/libs/opencv/lib/iphone\"",
					"\"$(SRCROOT)/ofxCocoaPlugins/ofxCocoaPlugins/libs/openframeworks/addons/ofxOpenCv/libs/opencv/lib/linux\"",
					"\"$(SRCROOT)/ofxCocoaPlugins/ofxCocoaPlugins/libs/openframeworks/addons/ofxOpenCv/libs/opencv/lib/linux64\"",
					"\"$(SRCROOT)/ofxCocoaPlugins/ofxCocoaPlugins/libs/openframeworks/addons/ofxOpenCv/libs/opencv/lib/vs2010\"",
					"\"$(SRCROOT)/ofxCocoaPlugins/ofxCocoaPlugins/libs/openframeworks/addons/ofxOpenCv/libs/opencv/lib/win_cb\"",
				);
				ONLY_ACTIVE_ARCH = NO;
				OTHER_LDFLAGS = (
					"-Wl,-search_paths_first",
					"-Wl,-headerpad_max_install_names",
					/usr/local/lib/libCGAL.dylib,
					/opt/local/lib/libgmpxx.dylib,
					/opt/local/lib/libmpfr.dylib,
					/opt/local/lib/libgmp.dylib,
					"/opt/local/lib/libboost_thread-mt.dylib",
					/usr/local/lib/libCGAL.dylib,
					/opt/local/lib/libgmpxx.dylib,
					/opt/local/lib/libmpfr.dylib,
					/opt/local/lib/libgmp.dylib,
					"/opt/local/lib/libboost_thread-mt.dylib",
					"$(OF_CORE_LIBS)",
				);
				PRODUCT_NAME = "$(TARGET_NAME)";
				SDKROOT = macosx10.7;
				WRAPPER_EXTENSION = app;
			};
			name = Release;
		};
/* End XCBuildConfiguration section */

/* Begin XCConfigurationList section */
		3D386C5A145EF95C00665327 /* Build configuration list for PBXProject "Livingroom" */ = {
			isa = XCConfigurationList;
			buildConfigurations = (
				3D386C7C145EF95D00665327 /* Debug */,
				3D386C7D145EF95D00665327 /* Release */,
			);
			defaultConfigurationIsVisible = 0;
			defaultConfigurationName = Release;
		};
		3D386C7E145EF95D00665327 /* Build configuration list for PBXNativeTarget "Livingroom" */ = {
			isa = XCConfigurationList;
			buildConfigurations = (
				3D386C7F145EF95D00665327 /* Debug */,
				3D386C80145EF95D00665327 /* Release */,
			);
			defaultConfigurationIsVisible = 0;
			defaultConfigurationName = Release;
		};
/* End XCConfigurationList section */
	};
	rootObject = 3D386C57145EF95C00665327 /* Project object */;
}
